{
  "originHash" : "2153842abeb5cfc204721304bc7ea4beb7fe8e12198eb21b4659c9ab2a4f9d14",
  "pins" : [
    {
      "identity" : "posthog-ios",
      "kind" : "remoteSourceControl",
      "location" : "https://github.com/PostHog/posthog-ios",
      "state" : {
        "revision" : "21d6a63dc95b510d2f01227c0babb23dc4c6bd33",
        "version" : "3.91.0"
      }
    },
    {
      "identity" : "purchases-ios-spm",
      "kind" : "remoteSourceControl",
      "location" : "https://github.com/RevenueCat/purchases-ios-spm",
      "state" : {
        "revision" : "1152c719f7b35f86d16a2d0053aba9d26972a962",
        "version" : "5.94.0"
      }
    }
  ],
  "version" : 3
}
