// !$*UTF8*$!
{
	archiveVersion = 1;
	classes = {
	};
	objectVersion = 77;
	objects = {

/* Begin PBXBuildFile section */
		00E8D8A43016F993A8DBB259 /* VoiceGlow.swift in Sources */ = {isa = PBXBuildFile; fileRef = 2872FA24B522D05EF587CF3E /* VoiceGlow.swift */; };
		033CCA7C68D736FE7D53D869 /* VoiceSpectrum.swift in Sources */ = {isa = PBXBuildFile; fileRef = 50C8DB4618CA48C83CE1C987 /* VoiceSpectrum.swift */; };
		06A1A1458BDBCEC051CD3FA4 /* ThinkingReveal.swift in Sources */ = {isa = PBXBuildFile; fileRef = C8C2E089F5BB672F2BC24E98 /* ThinkingReveal.swift */; };
		09009AB5F6BB1966DD606F58 /* FirstMealDemo.swift in Sources */ = {isa = PBXBuildFile; fileRef = C751682A98CEC2AF35AC1405 /* FirstMealDemo.swift */; };
		0ACEF781303B018194689133 /* TobiStore.swift in Sources */ = {isa = PBXBuildFile; fileRef = 963E22CC66A5C7545DF75EB1 /* TobiStore.swift */; };
		108E7241B747FCAA46004206 /* NutritionPlanTests.swift in Sources */ = {isa = PBXBuildFile; fileRef = 8734C3998A0F55F94AAD8688 /* NutritionPlanTests.swift */; };
		19A4554982F37800C4D916AB /* LineEditingUITests.swift in Sources */ = {isa = PBXBuildFile; fileRef = E951F4742B5EFD8897822E6E /* LineEditingUITests.swift */; };
		20B22F7DA26123021C214509 /* FirstMealDemoTests.swift in Sources */ = {isa = PBXBuildFile; fileRef = 1FB62EBAB89589280BD3E789 /* FirstMealDemoTests.swift */; };
		28B4F8F20A95E58663E901AC /* WritingScreenUITests.swift in Sources */ = {isa = PBXBuildFile; fileRef = 49AFBD09578FE79F28932BBC /* WritingScreenUITests.swift */; };
		2DF31213B46DDD75D81E3D75 /* OpenFoodFacts.swift in Sources */ = {isa = PBXBuildFile; fileRef = 693E1062F5E9612595AAFAE8 /* OpenFoodFacts.swift */; };
		31AD92836C08C9713CE4457E /* DayNote.swift in Sources */ = {isa = PBXBuildFile; fileRef = A2D449DF7D2B65CDE6700E42 /* DayNote.swift */; };
		3A40FCE8DCFB7B67BC1DEB6E /* LineRewriterTests.swift in Sources */ = {isa = PBXBuildFile; fileRef = 28C85519ACF4096B51BC3535 /* LineRewriterTests.swift */; };
		3D8A8C1F589731F75AB33BCA /* NutritionPlan.swift in Sources */ = {isa = PBXBuildFile; fileRef = A268DB5A88EC85BC89AB5337 /* NutritionPlan.swift */; };
		4AE4B12CEB2C1501BD2C3AAE /* Reminders.swift in Sources */ = {isa = PBXBuildFile; fileRef = 5BCAAA368D3AECD109559A74 /* Reminders.swift */; };
		4F24112FDE712AF35ADB91E3 /* ProductNameTests.swift in Sources */ = {isa = PBXBuildFile; fileRef = 28648EF45A52ECDE9C7C2C92 /* ProductNameTests.swift */; };
		52B996030ED4D7BA451F2FDD /* JourneyChart.swift in Sources */ = {isa = PBXBuildFile; fileRef = 65A29F5B27272F349425B6B0 /* JourneyChart.swift */; };
		5B79DA8DC5FB679ABA3BD35E /* VoiceSpectrumTests.swift in Sources */ = {isa = PBXBuildFile; fileRef = D5F15F5DFF3D1C5DFB4747B1 /* VoiceSpectrumTests.swift */; };
		5CF651F012F4A1CCD3A49B2E /* Dictation.swift in Sources */ = {isa = PBXBuildFile; fileRef = 41C304B2749615A9C8558D00 /* Dictation.swift */; };
		62734DD3F35E21CA38AFACD5 /* Theme.swift in Sources */ = {isa = PBXBuildFile; fileRef = 849BBE740074FABF951F498A /* Theme.swift */; };
		65C464813A2DDB0CB263616C /* tobi-head@3x.png in Resources */ = {isa = PBXBuildFile; fileRef = 733787F40680C2123994FCF0 /* tobi-head@3x.png */; };
		6E31F7E803495BBDD87B2FAD /* BarcodeScanner.swift in Sources */ = {isa = PBXBuildFile; fileRef = FB6BC12515FB31BEA5AA5C7D /* BarcodeScanner.swift */; };
		6E5E54034CB4F717440BAA2E /* BrandProductTests.swift in Sources */ = {isa = PBXBuildFile; fileRef = DA5FA395EEC1B1F95F8911D0 /* BrandProductTests.swift */; };
		7267903BFF169BAE53EB59A7 /* BrandProduct.swift in Sources */ = {isa = PBXBuildFile; fileRef = 12F7B90D9D89B6E13A30F181 /* BrandProduct.swift */; };
		73A29CA35A4D4B571090FE1A /* TotalsBar.swift in Sources */ = {isa = PBXBuildFile; fileRef = C0047EB4EB0B56B8E2ED251B /* TotalsBar.swift */; };
		76D459DF5D937386DAF12206 /* Motion.swift in Sources */ = {isa = PBXBuildFile; fileRef = E1994A7BED207538543F656B /* Motion.swift */; };
		84625DD8D6B6443969680CE8 /* ScanSheet.swift in Sources */ = {isa = PBXBuildFile; fileRef = 1131CC3800D87E1B7D9072F2 /* ScanSheet.swift */; };
		85A03EFDDA3D7B24646FC2DD /* TobiApp.swift in Sources */ = {isa = PBXBuildFile; fileRef = 3C5944BEFBCE0A6BC683771E /* TobiApp.swift */; };
		876E32B23BA5977857E4C448 /* Confetti.swift in Sources */ = {isa = PBXBuildFile; fileRef = 641C53C984F6E9BE0929536C /* Confetti.swift */; };
		89EABA6C32FBFD3B11D2A734 /* SafeLaunch.swift in Sources */ = {isa = PBXBuildFile; fileRef = B188110F3F161DF643F945A2 /* SafeLaunch.swift */; };
		8D24C9183E293DC3E8DC81F7 /* GoalsCard.swift in Sources */ = {isa = PBXBuildFile; fileRef = 953F49314598C47639854B69 /* GoalsCard.swift */; };
		8E3E1AA54F455F6455A96B16 /* taco.json in Resources */ = {isa = PBXBuildFile; fileRef = 3E46D592AB857DDE87A3E279 /* taco.json */; };
		904EBA54F3766F2FFAC8D665 /* FoodCoverageTests.swift in Sources */ = {isa = PBXBuildFile; fileRef = B5F71B97092266CA6BFFAEFA /* FoodCoverageTests.swift */; };
		92994DBBB9C2FE837CA5670E /* SettingsView.swift in Sources */ = {isa = PBXBuildFile; fileRef = 5EF17015117CAFBD333185A7 /* SettingsView.swift */; };
		988D62DB0C9E2AB97C0914A3 /* Nutrition.swift in Sources */ = {isa = PBXBuildFile; fileRef = 3FA65013DB3626F696AD1207 /* Nutrition.swift */; };
		A09B974FEC943B4597B945C8 /* ProductName.swift in Sources */ = {isa = PBXBuildFile; fileRef = 309F9AA6258B1C07AABF120A /* ProductName.swift */; };
		A17543C64D9C4306850BE85F /* DayView.swift in Sources */ = {isa = PBXBuildFile; fileRef = 30CA4C9B21F8C3BEFF79C118 /* DayView.swift */; };
		AD15A9FF6ABCCF534EFA7145 /* OnboardingView.swift in Sources */ = {isa = PBXBuildFile; fileRef = 4964A550B3F84B8605839E0D /* OnboardingView.swift */; };
		B7CFC256A15133CCE2655D22 /* KeyboardBar.swift in Sources */ = {isa = PBXBuildFile; fileRef = 2751B53BA08C6765765F0715 /* KeyboardBar.swift */; };
		BEC070B5CD52869753A2C583 /* ibge.json in Resources */ = {isa = PBXBuildFile; fileRef = F114B1E25377701C98EEFCF0 /* ibge.json */; };
		C43FE44916787D7ADD1601DA /* FoodDatabase.swift in Sources */ = {isa = PBXBuildFile; fileRef = 330296912C2E99B26C68D398 /* FoodDatabase.swift */; };
		C7B649C008949A3DA1A9FD57 /* NoteEditor.swift in Sources */ = {isa = PBXBuildFile; fileRef = 308590FF1E48DD45DCA78605 /* NoteEditor.swift */; };
		D1EF54B92BBDE4FAAA9E9B77 /* Paywall.swift in Sources */ = {isa = PBXBuildFile; fileRef = 44FE4189A6E5925F21B89BC5 /* Paywall.swift */; };
		DB0945C61BAA86B1575D2F49 /* FoodTables.swift in Sources */ = {isa = PBXBuildFile; fileRef = FC10422EB949975055CDB990 /* FoodTables.swift */; };
		DFB03B6045CB81552DD4F5C4 /* fastfood.json in Resources */ = {isa = PBXBuildFile; fileRef = 445349C7B857AF907783D17F /* fastfood.json */; };
		F10047776139D6EE95053CB9 /* FoodParserTests.swift in Sources */ = {isa = PBXBuildFile; fileRef = A61D93B4C4C2B1562F8CBA23 /* FoodParserTests.swift */; };
		F4F03DB08A9EB42588CE07CE /* InputMethodsShowcase.swift in Sources */ = {isa = PBXBuildFile; fileRef = 3E169475F08FF10FB129498E /* InputMethodsShowcase.swift */; };
		FB452BB1ED37189C55EFF16B /* LineRewriter.swift in Sources */ = {isa = PBXBuildFile; fileRef = 1C87CE0B25D3C707E51A6DBA /* LineRewriter.swift */; };
		FDD953D0FE09F4316F02D6DC /* FoodParser.swift in Sources */ = {isa = PBXBuildFile; fileRef = A46A98F03E2CF68A0D4D7978 /* FoodParser.swift */; };
/* End PBXBuildFile section */

/* Begin PBXContainerItemProxy section */
		622B5199F173CB7C2FDA5691 /* PBXContainerItemProxy */ = {
			isa = PBXContainerItemProxy;
			containerPortal = 1FDF005C269014936688677A /* Project object */;
			proxyType = 1;
			remoteGlobalIDString = 9C44C406D4E47A5A63E3B149;
			remoteInfo = Tobi;
		};
		B8A37C21BE495723A4809FBF /* PBXContainerItemProxy */ = {
			isa = PBXContainerItemProxy;
			containerPortal = 1FDF005C269014936688677A /* Project object */;
			proxyType = 1;
			remoteGlobalIDString = 9C44C406D4E47A5A63E3B149;
			remoteInfo = Tobi;
		};
/* End PBXContainerItemProxy section */

/* Begin PBXFileReference section */
		1131CC3800D87E1B7D9072F2 /* ScanSheet.swift */ = {isa = PBXFileReference; lastKnownFileType = sourcecode.swift; path = ScanSheet.swift; sourceTree = "<group>"; };
		12F7B90D9D89B6E13A30F181 /* BrandProduct.swift */ = {isa = PBXFileReference; lastKnownFileType = sourcecode.swift; path = BrandProduct.swift; sourceTree = "<group>"; };
		1C87CE0B25D3C707E51A6DBA /* LineRewriter.swift */ = {isa = PBXFileReference; lastKnownFileType = sourcecode.swift; path = LineRewriter.swift; sourceTree = "<group>"; };
		1FB62EBAB89589280BD3E789 /* FirstMealDemoTests.swift */ = {isa = PBXFileReference; lastKnownFileType = sourcecode.swift; path = FirstMealDemoTests.swift; sourceTree = "<group>"; };
		2751B53BA08C6765765F0715 /* KeyboardBar.swift */ = {isa = PBXFileReference; lastKnownFileType = sourcecode.swift; path = KeyboardBar.swift; sourceTree = "<group>"; };
		28648EF45A52ECDE9C7C2C92 /* ProductNameTests.swift */ = {isa = PBXFileReference; lastKnownFileType = sourcecode.swift; path = ProductNameTests.swift; sourceTree = "<group>"; };
		2872FA24B522D05EF587CF3E /* VoiceGlow.swift */ = {isa = PBXFileReference; lastKnownFileType = sourcecode.swift; path = VoiceGlow.swift; sourceTree = "<group>"; };
		28C85519ACF4096B51BC3535 /* LineRewriterTests.swift */ = {isa = PBXFileReference; lastKnownFileType = sourcecode.swift; path = LineRewriterTests.swift; sourceTree = "<group>"; };
		308590FF1E48DD45DCA78605 /* NoteEditor.swift */ = {isa = PBXFileReference; lastKnownFileType = sourcecode.swift; path = NoteEditor.swift; sourceTree = "<group>"; };
		309F9AA6258B1C07AABF120A /* ProductName.swift */ = {isa = PBXFileReference; lastKnownFileType = sourcecode.swift; path = ProductName.swift; sourceTree = "<group>"; };
		30CA4C9B21F8C3BEFF79C118 /* DayView.swift */ = {isa = PBXFileReference; lastKnownFileType = sourcecode.swift; path = DayView.swift; sourceTree = "<group>"; };
		330296912C2E99B26C68D398 /* FoodDatabase.swift */ = {isa = PBXFileReference; lastKnownFileType = sourcecode.swift; path = FoodDatabase.swift; sourceTree = "<group>"; };
		3C5944BEFBCE0A6BC683771E /* TobiApp.swift */ = {isa = PBXFileReference; lastKnownFileType = sourcecode.swift; path = TobiApp.swift; sourceTree = "<group>"; };
		3E169475F08FF10FB129498E /* InputMethodsShowcase.swift */ = {isa = PBXFileReference; lastKnownFileType = sourcecode.swift; path = InputMethodsShowcase.swift; sourceTree = "<group>"; };
		3E46D592AB857DDE87A3E279 /* taco.json */ = {isa = PBXFileReference; lastKnownFileType = text.json; path = taco.json; sourceTree = "<group>"; };
		3FA65013DB3626F696AD1207 /* Nutrition.swift */ = {isa = PBXFileReference; lastKnownFileType = sourcecode.swift; path = Nutrition.swift; sourceTree = "<group>"; };
		41C304B2749615A9C8558D00 /* Dictation.swift */ = {isa = PBXFileReference; lastKnownFileType = sourcecode.swift; path = Dictation.swift; sourceTree = "<group>"; };
		445349C7B857AF907783D17F /* fastfood.json */ = {isa = PBXFileReference; lastKnownFileType = text.json; path = fastfood.json; sourceTree = "<group>"; };
		44FE4189A6E5925F21B89BC5 /* Paywall.swift */ = {isa = PBXFileReference; lastKnownFileType = sourcecode.swift; path = Paywall.swift; sourceTree = "<group>"; };
		45A6CD938A64353750C04F9A /* TobiTests.xctest */ = {isa = PBXFileReference; includeInIndex = 0; lastKnownFileType = wrapper.cfbundle; path = TobiTests.xctest; sourceTree = BUILT_PRODUCTS_DIR; };
		4964A550B3F84B8605839E0D /* OnboardingView.swift */ = {isa = PBXFileReference; lastKnownFileType = sourcecode.swift; path = OnboardingView.swift; sourceTree = "<group>"; };
		49AFBD09578FE79F28932BBC /* WritingScreenUITests.swift */ = {isa = PBXFileReference; lastKnownFileType = sourcecode.swift; path = WritingScreenUITests.swift; sourceTree = "<group>"; };
		50C8DB4618CA48C83CE1C987 /* VoiceSpectrum.swift */ = {isa = PBXFileReference; lastKnownFileType = sourcecode.swift; path = VoiceSpectrum.swift; sourceTree = "<group>"; };
		5BCAAA368D3AECD109559A74 /* Reminders.swift */ = {isa = PBXFileReference; lastKnownFileType = sourcecode.swift; path = Reminders.swift; sourceTree = "<group>"; };
		5EF17015117CAFBD333185A7 /* SettingsView.swift */ = {isa = PBXFileReference; lastKnownFileType = sourcecode.swift; path = SettingsView.swift; sourceTree = "<group>"; };
		641C53C984F6E9BE0929536C /* Confetti.swift */ = {isa = PBXFileReference; lastKnownFileType = sourcecode.swift; path = Confetti.swift; sourceTree = "<group>"; };
		65A29F5B27272F349425B6B0 /* JourneyChart.swift */ = {isa = PBXFileReference; lastKnownFileType = sourcecode.swift; path = JourneyChart.swift; sourceTree = "<group>"; };
		693E1062F5E9612595AAFAE8 /* OpenFoodFacts.swift */ = {isa = PBXFileReference; lastKnownFileType = sourcecode.swift; path = OpenFoodFacts.swift; sourceTree = "<group>"; };
		6DDD333EB71EFBF77A7476E6 /* Tobi.app */ = {isa = PBXFileReference; includeInIndex = 0; lastKnownFileType = wrapper.application; path = Tobi.app; sourceTree = BUILT_PRODUCTS_DIR; };
		733787F40680C2123994FCF0 /* tobi-head@3x.png */ = {isa = PBXFileReference; lastKnownFileType = image.png; path = "tobi-head@3x.png"; sourceTree = "<group>"; };
		849BBE740074FABF951F498A /* Theme.swift */ = {isa = PBXFileReference; lastKnownFileType = sourcecode.swift; path = Theme.swift; sourceTree = "<group>"; };
		8734C3998A0F55F94AAD8688 /* NutritionPlanTests.swift */ = {isa = PBXFileReference; lastKnownFileType = sourcecode.swift; path = NutritionPlanTests.swift; sourceTree = "<group>"; };
		953F49314598C47639854B69 /* GoalsCard.swift */ = {isa = PBXFileReference; lastKnownFileType = sourcecode.swift; path = GoalsCard.swift; sourceTree = "<group>"; };
		963E22CC66A5C7545DF75EB1 /* TobiStore.swift */ = {isa = PBXFileReference; lastKnownFileType = sourcecode.swift; path = TobiStore.swift; sourceTree = "<group>"; };
		A268DB5A88EC85BC89AB5337 /* NutritionPlan.swift */ = {isa = PBXFileReference; lastKnownFileType = sourcecode.swift; path = NutritionPlan.swift; sourceTree = "<group>"; };
		A2D449DF7D2B65CDE6700E42 /* DayNote.swift */ = {isa = PBXFileReference; lastKnownFileType = sourcecode.swift; path = DayNote.swift; sourceTree = "<group>"; };
		A46A98F03E2CF68A0D4D7978 /* FoodParser.swift */ = {isa = PBXFileReference; lastKnownFileType = sourcecode.swift; path = FoodParser.swift; sourceTree = "<group>"; };
		A61D93B4C4C2B1562F8CBA23 /* FoodParserTests.swift */ = {isa = PBXFileReference; lastKnownFileType = sourcecode.swift; path = FoodParserTests.swift; sourceTree = "<group>"; };
		B188110F3F161DF643F945A2 /* SafeLaunch.swift */ = {isa = PBXFileReference; lastKnownFileType = sourcecode.swift; path = SafeLaunch.swift; sourceTree = "<group>"; };
		B5F71B97092266CA6BFFAEFA /* FoodCoverageTests.swift */ = {isa = PBXFileReference; lastKnownFileType = sourcecode.swift; path = FoodCoverageTests.swift; sourceTree = "<group>"; };
		C0047EB4EB0B56B8E2ED251B /* TotalsBar.swift */ = {isa = PBXFileReference; lastKnownFileType = sourcecode.swift; path = TotalsBar.swift; sourceTree = "<group>"; };
		C751682A98CEC2AF35AC1405 /* FirstMealDemo.swift */ = {isa = PBXFileReference; lastKnownFileType = sourcecode.swift; path = FirstMealDemo.swift; sourceTree = "<group>"; };
		C8C2E089F5BB672F2BC24E98 /* ThinkingReveal.swift */ = {isa = PBXFileReference; lastKnownFileType = sourcecode.swift; path = ThinkingReveal.swift; sourceTree = "<group>"; };
		D5F15F5DFF3D1C5DFB4747B1 /* VoiceSpectrumTests.swift */ = {isa = PBXFileReference; lastKnownFileType = sourcecode.swift; path = VoiceSpectrumTests.swift; sourceTree = "<group>"; };
		DA5FA395EEC1B1F95F8911D0 /* BrandProductTests.swift */ = {isa = PBXFileReference; lastKnownFileType = sourcecode.swift; path = BrandProductTests.swift; sourceTree = "<group>"; };
		E1994A7BED207538543F656B /* Motion.swift */ = {isa = PBXFileReference; lastKnownFileType = sourcecode.swift; path = Motion.swift; sourceTree = "<group>"; };
		E951F4742B5EFD8897822E6E /* LineEditingUITests.swift */ = {isa = PBXFileReference; lastKnownFileType = sourcecode.swift; path = LineEditingUITests.swift; sourceTree = "<group>"; };
		F114B1E25377701C98EEFCF0 /* ibge.json */ = {isa = PBXFileReference; lastKnownFileType = text.json; path = ibge.json; sourceTree = "<group>"; };
		F22DD0603754279324293121 /* TobiUITests.xctest */ = {isa = PBXFileReference; includeInIndex = 0; lastKnownFileType = wrapper.cfbundle; path = TobiUITests.xctest; sourceTree = BUILT_PRODUCTS_DIR; };
		FB6BC12515FB31BEA5AA5C7D /* BarcodeScanner.swift */ = {isa = PBXFileReference; lastKnownFileType = sourcecode.swift; path = BarcodeScanner.swift; sourceTree = "<group>"; };
		FC10422EB949975055CDB990 /* FoodTables.swift */ = {isa = PBXFileReference; lastKnownFileType = sourcecode.swift; path = FoodTables.swift; sourceTree = "<group>"; };
/* End PBXFileReference section */

/* Begin PBXGroup section */
		043BB0472D4B09E963CFC188 /* App */ = {
			isa = PBXGroup;
			children = (
				3C5944BEFBCE0A6BC683771E /* TobiApp.swift */,
			);
			path = App;
			sourceTree = "<group>";
		};
		1050D008790E920C10D84724 = {
			isa = PBXGroup;
			children = (
				ACCE96EE5608DD8053FEBD4E /* Tobi */,
				22717634C632AF809F7A655B /* TobiTests */,
				D7FC5BB26AC27DA44D71C5E8 /* TobiUITests */,
				34AEF3B9EB6A46C994955C63 /* Products */,
			);
			sourceTree = "<group>";
		};
		2067EA3ADB64A7D60255A807 /* Nutrition */ = {
			isa = PBXGroup;
			children = (
				330296912C2E99B26C68D398 /* FoodDatabase.swift */,
				A46A98F03E2CF68A0D4D7978 /* FoodParser.swift */,
				FC10422EB949975055CDB990 /* FoodTables.swift */,
				1C87CE0B25D3C707E51A6DBA /* LineRewriter.swift */,
				3FA65013DB3626F696AD1207 /* Nutrition.swift */,
			);
			path = Nutrition;
			sourceTree = "<group>";
		};
		22717634C632AF809F7A655B /* TobiTests */ = {
			isa = PBXGroup;
			children = (
				DA5FA395EEC1B1F95F8911D0 /* BrandProductTests.swift */,
				1FB62EBAB89589280BD3E789 /* FirstMealDemoTests.swift */,
				B5F71B97092266CA6BFFAEFA /* FoodCoverageTests.swift */,
				A61D93B4C4C2B1562F8CBA23 /* FoodParserTests.swift */,
				28C85519ACF4096B51BC3535 /* LineRewriterTests.swift */,
				8734C3998A0F55F94AAD8688 /* NutritionPlanTests.swift */,
				28648EF45A52ECDE9C7C2C92 /* ProductNameTests.swift */,
				D5F15F5DFF3D1C5DFB4747B1 /* VoiceSpectrumTests.swift */,
			);
			path = TobiTests;
			sourceTree = "<group>";
		};
		34AEF3B9EB6A46C994955C63 /* Products */ = {
			isa = PBXGroup;
			children = (
				6DDD333EB71EFBF77A7476E6 /* Tobi.app */,
				45A6CD938A64353750C04F9A /* TobiTests.xctest */,
				F22DD0603754279324293121 /* TobiUITests.xctest */,
			);
			name = Products;
			sourceTree = "<group>";
		};
		7F67FF23429A7B508996553F /* Input */ = {
			isa = PBXGroup;
			children = (
				41C304B2749615A9C8558D00 /* Dictation.swift */,
				50C8DB4618CA48C83CE1C987 /* VoiceSpectrum.swift */,
			);
			path = Input;
			sourceTree = "<group>";
		};
		82B00CD4FC82EBE1B6D61523 /* Brands */ = {
			isa = PBXGroup;
			children = (
				FB6BC12515FB31BEA5AA5C7D /* BarcodeScanner.swift */,
				12F7B90D9D89B6E13A30F181 /* BrandProduct.swift */,
				693E1062F5E9612595AAFAE8 /* OpenFoodFacts.swift */,
				309F9AA6258B1C07AABF120A /* ProductName.swift */,
				1131CC3800D87E1B7D9072F2 /* ScanSheet.swift */,
			);
			path = Brands;
			sourceTree = "<group>";
		};
		89DD1B90E614A9922E1AA155 /* Views */ = {
			isa = PBXGroup;
			children = (
				641C53C984F6E9BE0929536C /* Confetti.swift */,
				30CA4C9B21F8C3BEFF79C118 /* DayView.swift */,
				953F49314598C47639854B69 /* GoalsCard.swift */,
				2751B53BA08C6765765F0715 /* KeyboardBar.swift */,
				E1994A7BED207538543F656B /* Motion.swift */,
				308590FF1E48DD45DCA78605 /* NoteEditor.swift */,
				5EF17015117CAFBD333185A7 /* SettingsView.swift */,
				849BBE740074FABF951F498A /* Theme.swift */,
				C8C2E089F5BB672F2BC24E98 /* ThinkingReveal.swift */,
				C0047EB4EB0B56B8E2ED251B /* TotalsBar.swift */,
				2872FA24B522D05EF587CF3E /* VoiceGlow.swift */,
			);
			path = Views;
			sourceTree = "<group>";
		};
		A2AD73E97F94164FA7D2C87C /* Store */ = {
			isa = PBXGroup;
			children = (
				963E22CC66A5C7545DF75EB1 /* TobiStore.swift */,
			);
			path = Store;
			sourceTree = "<group>";
		};
		A2B3E6E2F2BD447E2B520798 /* Onboarding */ = {
			isa = PBXGroup;
			children = (
				C751682A98CEC2AF35AC1405 /* FirstMealDemo.swift */,
				3E169475F08FF10FB129498E /* InputMethodsShowcase.swift */,
				65A29F5B27272F349425B6B0 /* JourneyChart.swift */,
				A268DB5A88EC85BC89AB5337 /* NutritionPlan.swift */,
				4964A550B3F84B8605839E0D /* OnboardingView.swift */,
				44FE4189A6E5925F21B89BC5 /* Paywall.swift */,
				5BCAAA368D3AECD109559A74 /* Reminders.swift */,
			);
			path = Onboarding;
			sourceTree = "<group>";
		};
		ACCE96EE5608DD8053FEBD4E /* Tobi */ = {
			isa = PBXGroup;
			children = (
				043BB0472D4B09E963CFC188 /* App */,
				82B00CD4FC82EBE1B6D61523 /* Brands */,
				7F67FF23429A7B508996553F /* Input */,
				CB72E6588123A31FE3331B54 /* Models */,
				2067EA3ADB64A7D60255A807 /* Nutrition */,
				A2B3E6E2F2BD447E2B520798 /* Onboarding */,
				FA714D49D7B050751EC6D8C2 /* Resources */,
				A2AD73E97F94164FA7D2C87C /* Store */,
				89DD1B90E614A9922E1AA155 /* Views */,
			);
			path = Tobi;
			sourceTree = "<group>";
		};
		CB72E6588123A31FE3331B54 /* Models */ = {
			isa = PBXGroup;
			children = (
				A2D449DF7D2B65CDE6700E42 /* DayNote.swift */,
			);
			path = Models;
			sourceTree = "<group>";
		};
		D7FC5BB26AC27DA44D71C5E8 /* TobiUITests */ = {
			isa = PBXGroup;
			children = (
				E951F4742B5EFD8897822E6E /* LineEditingUITests.swift */,
				B188110F3F161DF643F945A2 /* SafeLaunch.swift */,
				49AFBD09578FE79F28932BBC /* WritingScreenUITests.swift */,
			);
			path = TobiUITests;
			sourceTree = "<group>";
		};
		FA714D49D7B050751EC6D8C2 /* Resources */ = {
			isa = PBXGroup;
			children = (
				445349C7B857AF907783D17F /* fastfood.json */,
				F114B1E25377701C98EEFCF0 /* ibge.json */,
				3E46D592AB857DDE87A3E279 /* taco.json */,
				733787F40680C2123994FCF0 /* tobi-head@3x.png */,
			);
			path = Resources;
			sourceTree = "<group>";
		};
/* End PBXGroup section */

/* Begin PBXNativeTarget section */
		9C44C406D4E47A5A63E3B149 /* Tobi */ = {
			isa = PBXNativeTarget;
			buildConfigurationList = B48661DA5F6AD66103E18A3D /* Build configuration list for PBXNativeTarget "Tobi" */;
			buildPhases = (
				E68827120B8E412B31D46DC3 /* Sources */,
				75F731371E45F2AC1E05CEDE /* Resources */,
			);
			buildRules = (
			);
			dependencies = (
			);
			name = Tobi;
			packageProductDependencies = (
			);
			productName = Tobi;
			productReference = 6DDD333EB71EFBF77A7476E6 /* Tobi.app */;
			productType = "com.apple.product-type.application";
		};
		CC8D50720BB5B3037F66D80B /* TobiTests */ = {
			isa = PBXNativeTarget;
			buildConfigurationList = DED7AB144AC5918A18A9C76D /* Build configuration list for PBXNativeTarget "TobiTests" */;
			buildPhases = (
				6383F8C426F3022EDFDF83DA /* Sources */,
			);
			buildRules = (
			);
			dependencies = (
				9A95DBCAEDCB53B0B2F4B371 /* PBXTargetDependency */,
			);
			name = TobiTests;
			packageProductDependencies = (
			);
			productName = TobiTests;
			productReference = 45A6CD938A64353750C04F9A /* TobiTests.xctest */;
			productType = "com.apple.product-type.bundle.unit-test";
		};
		F714602D9BD1127C287099E4 /* TobiUITests */ = {
			isa = PBXNativeTarget;
			buildConfigurationList = 7BDCBBFAB32B01E631EEC66B /* Build configuration list for PBXNativeTarget "TobiUITests" */;
			buildPhases = (
				9F1783FC5B299BE013765DCA /* Sources */,
			);
			buildRules = (
			);
			dependencies = (
				05C9F51BBAE74CC0471B00FF /* PBXTargetDependency */,
			);
			name = TobiUITests;
			packageProductDependencies = (
			);
			productName = TobiUITests;
			productReference = F22DD0603754279324293121 /* TobiUITests.xctest */;
			productType = "com.apple.product-type.bundle.ui-testing";
		};
/* End PBXNativeTarget section */

/* Begin PBXProject section */
		1FDF005C269014936688677A /* Project object */ = {
			isa = PBXProject;
			attributes = {
				BuildIndependentTargetsInParallel = YES;
				LastUpgradeCheck = 1430;
				TargetAttributes = {
					9C44C406D4E47A5A63E3B149 = {
						DevelopmentTeam = 4ZQ8PBTL5U;
						ProvisioningStyle = Automatic;
					};
					CC8D50720BB5B3037F66D80B = {
						DevelopmentTeam = 4ZQ8PBTL5U;
					};
					F714602D9BD1127C287099E4 = {
						DevelopmentTeam = 4ZQ8PBTL5U;
						TestTargetID = 9C44C406D4E47A5A63E3B149;
					};
				};
			};
			buildConfigurationList = 1A8DE1F594C20E637C19D8EC /* Build configuration list for PBXProject "Tobi" */;
			developmentRegion = "pt-BR";
			hasScannedForEncodings = 0;
			knownRegions = (
				Base,
				"pt-BR",
			);
			mainGroup = 1050D008790E920C10D84724;
			minimizedProjectReferenceProxies = 1;
			preferredProjectObjectVersion = 77;
			productRefGroup = 34AEF3B9EB6A46C994955C63 /* Products */;
			projectDirPath = "";
			projectRoot = "";
			targets = (
				9C44C406D4E47A5A63E3B149 /* Tobi */,
				CC8D50720BB5B3037F66D80B /* TobiTests */,
				F714602D9BD1127C287099E4 /* TobiUITests */,
			);
		};
/* End PBXProject section */

/* Begin PBXResourcesBuildPhase section */
		75F731371E45F2AC1E05CEDE /* Resources */ = {
			isa = PBXResourcesBuildPhase;
			buildActionMask = 2147483647;
			files = (
				DFB03B6045CB81552DD4F5C4 /* fastfood.json in Resources */,
				BEC070B5CD52869753A2C583 /* ibge.json in Resources */,
				8E3E1AA54F455F6455A96B16 /* taco.json in Resources */,
				65C464813A2DDB0CB263616C /* tobi-head@3x.png in Resources */,
			);
			runOnlyForDeploymentPostprocessing = 0;
		};
/* End PBXResourcesBuildPhase section */

/* Begin PBXSourcesBuildPhase section */
		6383F8C426F3022EDFDF83DA /* Sources */ = {
			isa = PBXSourcesBuildPhase;
			buildActionMask = 2147483647;
			files = (
				6E5E54034CB4F717440BAA2E /* BrandProductTests.swift in Sources */,
				20B22F7DA26123021C214509 /* FirstMealDemoTests.swift in Sources */,
				904EBA54F3766F2FFAC8D665 /* FoodCoverageTests.swift in Sources */,
				F10047776139D6EE95053CB9 /* FoodParserTests.swift in Sources */,
				3A40FCE8DCFB7B67BC1DEB6E /* LineRewriterTests.swift in Sources */,
				108E7241B747FCAA46004206 /* NutritionPlanTests.swift in Sources */,
				4F24112FDE712AF35ADB91E3 /* ProductNameTests.swift in Sources */,
				5B79DA8DC5FB679ABA3BD35E /* VoiceSpectrumTests.swift in Sources */,
			);
			runOnlyForDeploymentPostprocessing = 0;
		};
		9F1783FC5B299BE013765DCA /* Sources */ = {
			isa = PBXSourcesBuildPhase;
			buildActionMask = 2147483647;
			files = (
				19A4554982F37800C4D916AB /* LineEditingUITests.swift in Sources */,
				89EABA6C32FBFD3B11D2A734 /* SafeLaunch.swift in Sources */,
				28B4F8F20A95E58663E901AC /* WritingScreenUITests.swift in Sources */,
			);
			runOnlyForDeploymentPostprocessing = 0;
		};
		E68827120B8E412B31D46DC3 /* Sources */ = {
			isa = PBXSourcesBuildPhase;
			buildActionMask = 2147483647;
			files = (
				6E31F7E803495BBDD87B2FAD /* BarcodeScanner.swift in Sources */,
				7267903BFF169BAE53EB59A7 /* BrandProduct.swift in Sources */,
				876E32B23BA5977857E4C448 /* Confetti.swift in Sources */,
				31AD92836C08C9713CE4457E /* DayNote.swift in Sources */,
				A17543C64D9C4306850BE85F /* DayView.swift in Sources */,
				5CF651F012F4A1CCD3A49B2E /* Dictation.swift in Sources */,
				09009AB5F6BB1966DD606F58 /* FirstMealDemo.swift in Sources */,
				C43FE44916787D7ADD1601DA /* FoodDatabase.swift in Sources */,
				FDD953D0FE09F4316F02D6DC /* FoodParser.swift in Sources */,
				DB0945C61BAA86B1575D2F49 /* FoodTables.swift in Sources */,
				8D24C9183E293DC3E8DC81F7 /* GoalsCard.swift in Sources */,
				F4F03DB08A9EB42588CE07CE /* InputMethodsShowcase.swift in Sources */,
				52B996030ED4D7BA451F2FDD /* JourneyChart.swift in Sources */,
				B7CFC256A15133CCE2655D22 /* KeyboardBar.swift in Sources */,
				FB452BB1ED37189C55EFF16B /* LineRewriter.swift in Sources */,
				76D459DF5D937386DAF12206 /* Motion.swift in Sources */,
				C7B649C008949A3DA1A9FD57 /* NoteEditor.swift in Sources */,
				988D62DB0C9E2AB97C0914A3 /* Nutrition.swift in Sources */,
				3D8A8C1F589731F75AB33BCA /* NutritionPlan.swift in Sources */,
				AD15A9FF6ABCCF534EFA7145 /* OnboardingView.swift in Sources */,
				2DF31213B46DDD75D81E3D75 /* OpenFoodFacts.swift in Sources */,
				D1EF54B92BBDE4FAAA9E9B77 /* Paywall.swift in Sources */,
				A09B974FEC943B4597B945C8 /* ProductName.swift in Sources */,
				4AE4B12CEB2C1501BD2C3AAE /* Reminders.swift in Sources */,
				84625DD8D6B6443969680CE8 /* ScanSheet.swift in Sources */,
				92994DBBB9C2FE837CA5670E /* SettingsView.swift in Sources */,
				62734DD3F35E21CA38AFACD5 /* Theme.swift in Sources */,
				06A1A1458BDBCEC051CD3FA4 /* ThinkingReveal.swift in Sources */,
				85A03EFDDA3D7B24646FC2DD /* TobiApp.swift in Sources */,
				0ACEF781303B018194689133 /* TobiStore.swift in Sources */,
				73A29CA35A4D4B571090FE1A /* TotalsBar.swift in Sources */,
				00E8D8A43016F993A8DBB259 /* VoiceGlow.swift in Sources */,
				033CCA7C68D736FE7D53D869 /* VoiceSpectrum.swift in Sources */,
			);
			runOnlyForDeploymentPostprocessing = 0;
		};
/* End PBXSourcesBuildPhase section */

/* Begin PBXTargetDependency section */
		05C9F51BBAE74CC0471B00FF /* PBXTargetDependency */ = {
			isa = PBXTargetDependency;
			target = 9C44C406D4E47A5A63E3B149 /* Tobi */;
			targetProxy = 622B5199F173CB7C2FDA5691 /* PBXContainerItemProxy */;
		};
		9A95DBCAEDCB53B0B2F4B371 /* PBXTargetDependency */ = {
			isa = PBXTargetDependency;
			target = 9C44C406D4E47A5A63E3B149 /* Tobi */;
			targetProxy = B8A37C21BE495723A4809FBF /* PBXContainerItemProxy */;
		};
/* End PBXTargetDependency section */

/* Begin XCBuildConfiguration section */
		02CA0583E52A820222C00FB7 /* Debug */ = {
			isa = XCBuildConfiguration;
			buildSettings = {
				ALWAYS_SEARCH_USER_PATHS = NO;
				CLANG_ANALYZER_NONNULL = YES;
				CLANG_ANALYZER_NUMBER_OBJECT_CONVERSION = YES_AGGRESSIVE;
				CLANG_CXX_LANGUAGE_STANDARD = "gnu++14";
				CLANG_CXX_LIBRARY = "libc++";
				CLANG_ENABLE_MODULES = YES;
				CLANG_ENABLE_OBJC_ARC = YES;
				CLANG_ENABLE_OBJC_WEAK = YES;
				CLANG_WARN_BLOCK_CAPTURE_AUTORELEASING = YES;
				CLANG_WARN_BOOL_CONVERSION = YES;
				CLANG_WARN_COMMA = YES;
				CLANG_WARN_CONSTANT_CONVERSION = YES;
				CLANG_WARN_DEPRECATED_OBJC_IMPLEMENTATIONS = YES;
				CLANG_WARN_DIRECT_OBJC_ISA_USAGE = YES_ERROR;
				CLANG_WARN_DOCUMENTATION_COMMENTS = YES;
				CLANG_WARN_EMPTY_BODY = YES;
				CLANG_WARN_ENUM_CONVERSION = YES;
				CLANG_WARN_INFINITE_RECURSION = YES;
				CLANG_WARN_INT_CONVERSION = YES;
				CLANG_WARN_NON_LITERAL_NULL_CONVERSION = YES;
				CLANG_WARN_OBJC_IMPLICIT_RETAIN_SELF = YES;
				CLANG_WARN_OBJC_LITERAL_CONVERSION = YES;
				CLANG_WARN_OBJC_ROOT_CLASS = YES_ERROR;
				CLANG_WARN_QUOTED_INCLUDE_IN_FRAMEWORK_HEADER = YES;
				CLANG_WARN_RANGE_LOOP_ANALYSIS = YES;
				CLANG_WARN_STRICT_PROTOTYPES = YES;
				CLANG_WARN_SUSPICIOUS_MOVE = YES;
				CLANG_WARN_UNGUARDED_AVAILABILITY = YES_AGGRESSIVE;
				CLANG_WARN_UNREACHABLE_CODE = YES;
				CLANG_WARN__DUPLICATE_METHOD_MATCH = YES;
				COPY_PHASE_STRIP = NO;
				CURRENT_PROJECT_VERSION = 1;
				DEBUG_INFORMATION_FORMAT = dwarf;
				DEVELOPMENT_TEAM = 4ZQ8PBTL5U;
				ENABLE_STRICT_OBJC_MSGSEND = YES;
				ENABLE_TESTABILITY = YES;
				GCC_C_LANGUAGE_STANDARD = gnu11;
				GCC_DYNAMIC_NO_PIC = NO;
				GCC_NO_COMMON_BLOCKS = YES;
				GCC_OPTIMIZATION_LEVEL = 0;
				GCC_PREPROCESSOR_DEFINITIONS = (
					"$(inherited)",
					"DEBUG=1",
				);
				GCC_WARN_64_TO_32_BIT_CONVERSION = YES;
				GCC_WARN_ABOUT_RETURN_TYPE = YES_ERROR;
				GCC_WARN_UNDECLARED_SELECTOR = YES;
				GCC_WARN_UNINITIALIZED_AUTOS = YES_AGGRESSIVE;
				GCC_WARN_UNUSED_FUNCTION = YES;
				GCC_WARN_UNUSED_VARIABLE = YES;
				IPHONEOS_DEPLOYMENT_TARGET = 26.0;
				MARKETING_VERSION = 0.1.0;
				MTL_ENABLE_DEBUG_INFO = INCLUDE_SOURCE;
				MTL_FAST_MATH = YES;
				ONLY_ACTIVE_ARCH = YES;
				PRODUCT_NAME = "$(TARGET_NAME)";
				SDKROOT = iphoneos;
				SWIFT_ACTIVE_COMPILATION_CONDITIONS = DEBUG;
				SWIFT_OPTIMIZATION_LEVEL = "-Onone";
				SWIFT_VERSION = 6.0;
			};
			name = Debug;
		};
		23AA8D54BC3F612AA8DDE35C /* Release */ = {
			isa = XCBuildConfiguration;
			buildSettings = {
				BUNDLE_LOADER = "$(TEST_HOST)";
				GENERATE_INFOPLIST_FILE = YES;
				LD_RUNPATH_SEARCH_PATHS = (
					"$(inherited)",
					"@executable_path/Frameworks",
					"@loader_path/Frameworks",
				);
				PRODUCT_BUNDLE_IDENTIFIER = com.andrefelipe.TobiUITests;
				SDKROOT = iphoneos;
				TARGETED_DEVICE_FAMILY = "1,2";
				TEST_TARGET_NAME = Tobi;
			};
			name = Release;
		};
		2B8D60C031F27631235B7D89 /* Debug */ = {
			isa = XCBuildConfiguration;
			buildSettings = {
				ASSETCATALOG_COMPILER_APPICON_NAME = AppIcon;
				CODE_SIGN_IDENTITY = "iPhone Developer";
				CODE_SIGN_STYLE = Automatic;
				GENERATE_INFOPLIST_FILE = YES;
				INFOPLIST_KEY_CFBundleDisplayName = Tobi;
				INFOPLIST_KEY_NSCameraUsageDescription = "O Tobi usa a câmera pra ler o código de barras dos produtos.";
				INFOPLIST_KEY_NSMicrophoneUsageDescription = "O Tobi usa o microfone pra você ditar o que comeu.";
				INFOPLIST_KEY_NSSpeechRecognitionUsageDescription = "O Tobi transforma sua fala em texto pra registrar as refeições.";
				INFOPLIST_KEY_UIApplicationSceneManifest_Generation = YES;
				INFOPLIST_KEY_UILaunchScreen_Generation = YES;
				INFOPLIST_KEY_UISupportedInterfaceOrientations_iPhone = UIInterfaceOrientationPortrait;
				LD_RUNPATH_SEARCH_PATHS = (
					"$(inherited)",
					"@executable_path/Frameworks",
				);
				PRODUCT_BUNDLE_IDENTIFIER = com.andrefelipe.tobi;
				SDKROOT = iphoneos;
				TARGETED_DEVICE_FAMILY = 1;
			};
			name = Debug;
		};
		3C7AF4ABAE4D9D61BAB5B20E /* Debug */ = {
			isa = XCBuildConfiguration;
			buildSettings = {
				BUNDLE_LOADER = "$(TEST_HOST)";
				GENERATE_INFOPLIST_FILE = YES;
				LD_RUNPATH_SEARCH_PATHS = (
					"$(inherited)",
					"@executable_path/Frameworks",
					"@loader_path/Frameworks",
				);
				PRODUCT_BUNDLE_IDENTIFIER = com.andrefelipe.TobiUITests;
				SDKROOT = iphoneos;
				TARGETED_DEVICE_FAMILY = "1,2";
				TEST_TARGET_NAME = Tobi;
			};
			name = Debug;
		};
		8EB1E62C60E7F0C65BBB8825 /* Debug */ = {
			isa = XCBuildConfiguration;
			buildSettings = {
				BUNDLE_LOADER = "$(TEST_HOST)";
				GENERATE_INFOPLIST_FILE = YES;
				LD_RUNPATH_SEARCH_PATHS = (
					"$(inherited)",
					"@executable_path/Frameworks",
					"@loader_path/Frameworks",
				);
				PRODUCT_BUNDLE_IDENTIFIER = com.andrefelipe.TobiTests;
				SDKROOT = iphoneos;
				TARGETED_DEVICE_FAMILY = "1,2";
				TEST_HOST = "$(BUILT_PRODUCTS_DIR)/Tobi.app/Tobi";
			};
			name = Debug;
		};
		AA35F51BE66B57EE164FAF27 /* Release */ = {
			isa = XCBuildConfiguration;
			buildSettings = {
				ASSETCATALOG_COMPILER_APPICON_NAME = AppIcon;
				CODE_SIGN_IDENTITY = "iPhone Developer";
				CODE_SIGN_STYLE = Automatic;
				GENERATE_INFOPLIST_FILE = YES;
				INFOPLIST_KEY_CFBundleDisplayName = Tobi;
				INFOPLIST_KEY_NSCameraUsageDescription = "O Tobi usa a câmera pra ler o código de barras dos produtos.";
				INFOPLIST_KEY_NSMicrophoneUsageDescription = "O Tobi usa o microfone pra você ditar o que comeu.";
				INFOPLIST_KEY_NSSpeechRecognitionUsageDescription = "O Tobi transforma sua fala em texto pra registrar as refeições.";
				INFOPLIST_KEY_UIApplicationSceneManifest_Generation = YES;
				INFOPLIST_KEY_UILaunchScreen_Generation = YES;
				INFOPLIST_KEY_UISupportedInterfaceOrientations_iPhone = UIInterfaceOrientationPortrait;
				LD_RUNPATH_SEARCH_PATHS = (
					"$(inherited)",
					"@executable_path/Frameworks",
				);
				PRODUCT_BUNDLE_IDENTIFIER = com.andrefelipe.tobi;
				SDKROOT = iphoneos;
				TARGETED_DEVICE_FAMILY = 1;
			};
			name = Release;
		};
		B319CD4FD8DA3C439F9974A1 /* Release */ = {
			isa = XCBuildConfiguration;
			buildSettings = {
				BUNDLE_LOADER = "$(TEST_HOST)";
				GENERATE_INFOPLIST_FILE = YES;
				LD_RUNPATH_SEARCH_PATHS = (
					"$(inherited)",
					"@executable_path/Frameworks",
					"@loader_path/Frameworks",
				);
				PRODUCT_BUNDLE_IDENTIFIER = com.andrefelipe.TobiTests;
				SDKROOT = iphoneos;
				TARGETED_DEVICE_FAMILY = "1,2";
				TEST_HOST = "$(BUILT_PRODUCTS_DIR)/Tobi.app/Tobi";
			};
			name = Release;
		};
		BC0481CD775BB962B4C03705 /* Release */ = {
			isa = XCBuildConfiguration;
			buildSettings = {
				ALWAYS_SEARCH_USER_PATHS = NO;
				CLANG_ANALYZER_NONNULL = YES;
				CLANG_ANALYZER_NUMBER_OBJECT_CONVERSION = YES_AGGRESSIVE;
				CLANG_CXX_LANGUAGE_STANDARD = "gnu++14";
				CLANG_CXX_LIBRARY = "libc++";
				CLANG_ENABLE_MODULES = YES;
				CLANG_ENABLE_OBJC_ARC = YES;
				CLANG_ENABLE_OBJC_WEAK = YES;
				CLANG_WARN_BLOCK_CAPTURE_AUTORELEASING = YES;
				CLANG_WARN_BOOL_CONVERSION = YES;
				CLANG_WARN_COMMA = YES;
				CLANG_WARN_CONSTANT_CONVERSION = YES;
				CLANG_WARN_DEPRECATED_OBJC_IMPLEMENTATIONS = YES;
				CLANG_WARN_DIRECT_OBJC_ISA_USAGE = YES_ERROR;
				CLANG_WARN_DOCUMENTATION_COMMENTS = YES;
				CLANG_WARN_EMPTY_BODY = YES;
				CLANG_WARN_ENUM_CONVERSION = YES;
				CLANG_WARN_INFINITE_RECURSION = YES;
				CLANG_WARN_INT_CONVERSION = YES;
				CLANG_WARN_NON_LITERAL_NULL_CONVERSION = YES;
				CLANG_WARN_OBJC_IMPLICIT_RETAIN_SELF = YES;
				CLANG_WARN_OBJC_LITERAL_CONVERSION = YES;
				CLANG_WARN_OBJC_ROOT_CLASS = YES_ERROR;
				CLANG_WARN_QUOTED_INCLUDE_IN_FRAMEWORK_HEADER = YES;
				CLANG_WARN_RANGE_LOOP_ANALYSIS = YES;
				CLANG_WARN_STRICT_PROTOTYPES = YES;
				CLANG_WARN_SUSPICIOUS_MOVE = YES;
				CLANG_WARN_UNGUARDED_AVAILABILITY = YES_AGGRESSIVE;
				CLANG_WARN_UNREACHABLE_CODE = YES;
				CLANG_WARN__DUPLICATE_METHOD_MATCH = YES;
				COPY_PHASE_STRIP = NO;
				CURRENT_PROJECT_VERSION = 1;
				DEBUG_INFORMATION_FORMAT = "dwarf-with-dsym";
				DEVELOPMENT_TEAM = 4ZQ8PBTL5U;
				ENABLE_NS_ASSERTIONS = NO;
				ENABLE_STRICT_OBJC_MSGSEND = YES;
				GCC_C_LANGUAGE_STANDARD = gnu11;
				GCC_NO_COMMON_BLOCKS = YES;
				GCC_WARN_64_TO_32_BIT_CONVERSION = YES;
				GCC_WARN_ABOUT_RETURN_TYPE = YES_ERROR;
				GCC_WARN_UNDECLARED_SELECTOR = YES;
				GCC_WARN_UNINITIALIZED_AUTOS = YES_AGGRESSIVE;
				GCC_WARN_UNUSED_FUNCTION = YES;
				GCC_WARN_UNUSED_VARIABLE = YES;
				IPHONEOS_DEPLOYMENT_TARGET = 26.0;
				MARKETING_VERSION = 0.1.0;
				MTL_ENABLE_DEBUG_INFO = NO;
				MTL_FAST_MATH = YES;
				PRODUCT_NAME = "$(TARGET_NAME)";
				SDKROOT = iphoneos;
				SWIFT_COMPILATION_MODE = wholemodule;
				SWIFT_OPTIMIZATION_LEVEL = "-O";
				SWIFT_VERSION = 6.0;
			};
			name = Release;
		};
/* End XCBuildConfiguration section */

/* Begin XCConfigurationList section */
		1A8DE1F594C20E637C19D8EC /* Build configuration list for PBXProject "Tobi" */ = {
			isa = XCConfigurationList;
			buildConfigurations = (
				02CA0583E52A820222C00FB7 /* Debug */,
				BC0481CD775BB962B4C03705 /* Release */,
			);
			defaultConfigurationIsVisible = 0;
			defaultConfigurationName = Debug;
		};
		7BDCBBFAB32B01E631EEC66B /* Build configuration list for PBXNativeTarget "TobiUITests" */ = {
			isa = XCConfigurationList;
			buildConfigurations = (
				3C7AF4ABAE4D9D61BAB5B20E /* Debug */,
				23AA8D54BC3F612AA8DDE35C /* Release */,
			);
			defaultConfigurationIsVisible = 0;
			defaultConfigurationName = Debug;
		};
		B48661DA5F6AD66103E18A3D /* Build configuration list for PBXNativeTarget "Tobi" */ = {
			isa = XCConfigurationList;
			buildConfigurations = (
				2B8D60C031F27631235B7D89 /* Debug */,
				AA35F51BE66B57EE164FAF27 /* Release */,
			);
			defaultConfigurationIsVisible = 0;
			defaultConfigurationName = Debug;
		};
		DED7AB144AC5918A18A9C76D /* Build configuration list for PBXNativeTarget "TobiTests" */ = {
			isa = XCConfigurationList;
			buildConfigurations = (
				8EB1E62C60E7F0C65BBB8825 /* Debug */,
				B319CD4FD8DA3C439F9974A1 /* Release */,
			);
			defaultConfigurationIsVisible = 0;
			defaultConfigurationName = Debug;
		};
/* End XCConfigurationList section */
	};
	rootObject = 1FDF005C269014936688677A /* Project object */;
}
