// !$*UTF8*$!
{
	archiveVersion = 1;
	classes = {
	};
	objectVersion = 77;
	objects = {

/* Begin PBXBuildFile section */
		00E8D8A43016F993A8DBB259 /* VoiceGlow.swift in Sources */ = {isa = PBXBuildFile; fileRef = 2872FA24B522D05EF587CF3E /* VoiceGlow.swift */; };
		021830C66F15861BDCF64F8A /* SupplementTests.swift in Sources */ = {isa = PBXBuildFile; fileRef = F7CD6A02F831A013DE88C212 /* SupplementTests.swift */; };
		033CCA7C68D736FE7D53D869 /* VoiceSpectrum.swift in Sources */ = {isa = PBXBuildFile; fileRef = 50C8DB4618CA48C83CE1C987 /* VoiceSpectrum.swift */; };
		06A1A1458BDBCEC051CD3FA4 /* ThinkingReveal.swift in Sources */ = {isa = PBXBuildFile; fileRef = C8C2E089F5BB672F2BC24E98 /* ThinkingReveal.swift */; };
		09009AB5F6BB1966DD606F58 /* FirstMealDemo.swift in Sources */ = {isa = PBXBuildFile; fileRef = C751682A98CEC2AF35AC1405 /* FirstMealDemo.swift */; };
		0ACEF781303B018194689133 /* TobiStore.swift in Sources */ = {isa = PBXBuildFile; fileRef = 963E22CC66A5C7545DF75EB1 /* TobiStore.swift */; };
		108E7241B747FCAA46004206 /* NutritionPlanTests.swift in Sources */ = {isa = PBXBuildFile; fileRef = 8734C3998A0F55F94AAD8688 /* NutritionPlanTests.swift */; };
		170AA326F38A1AD559B3A979 /* TobiFaceView.swift in Sources */ = {isa = PBXBuildFile; fileRef = D94DD3657B48F6EE45558C4C /* TobiFaceView.swift */; };
		176581EF5F529F4EB016BA03 /* WidgetBridge.swift in Sources */ = {isa = PBXBuildFile; fileRef = 5508056D8812CD4023849196 /* WidgetBridge.swift */; };
		1843E3F9D527F80CA22E5E1C /* WelcomeFoodRouteTests.swift in Sources */ = {isa = PBXBuildFile; fileRef = C9B9ABA662E17E8154754CE6 /* WelcomeFoodRouteTests.swift */; };
		19A4554982F37800C4D916AB /* LineEditingUITests.swift in Sources */ = {isa = PBXBuildFile; fileRef = E951F4742B5EFD8897822E6E /* LineEditingUITests.swift */; };
		1A8BF67A1BBADCBF8047836E /* PaywallLetter.swift in Sources */ = {isa = PBXBuildFile; fileRef = CBD850D37F024E14534FF063 /* PaywallLetter.swift */; };
		20B22F7DA26123021C214509 /* FirstMealDemoTests.swift in Sources */ = {isa = PBXBuildFile; fileRef = 1FB62EBAB89589280BD3E789 /* FirstMealDemoTests.swift */; };
		22AD44338B56D02F080729D3 /* PostHog in Frameworks */ = {isa = PBXBuildFile; productRef = 010164A50F012D21FDD70FAF /* PostHog */; };
		23EA2267367F2B4DABA06DFE /* NoteCSV.swift in Sources */ = {isa = PBXBuildFile; fileRef = 578EB1D891D049FA917EE424 /* NoteCSV.swift */; };
		28B4F8F20A95E58663E901AC /* WritingScreenUITests.swift in Sources */ = {isa = PBXBuildFile; fileRef = 49AFBD09578FE79F28932BBC /* WritingScreenUITests.swift */; };
		29336CAB9B41A50D812CEB39 /* TobiFaceAssetTests.swift in Sources */ = {isa = PBXBuildFile; fileRef = 486E0C1E47B372ABC6B5B037 /* TobiFaceAssetTests.swift */; };
		2BF86444E8177FD1E8E577B6 /* WidgetStep.swift in Sources */ = {isa = PBXBuildFile; fileRef = 5EE91F9DA7BB85069B0333E4 /* WidgetStep.swift */; };
		2DF31213B46DDD75D81E3D75 /* OpenFoodFacts.swift in Sources */ = {isa = PBXBuildFile; fileRef = 693E1062F5E9612595AAFAE8 /* OpenFoodFacts.swift */; };
		2FC5EA99B8160DAE8C1CFAD5 /* PaywallShowcase.swift in Sources */ = {isa = PBXBuildFile; fileRef = A76A57163BD1DF2BF341D43F /* PaywallShowcase.swift */; };
		31AD92836C08C9713CE4457E /* DayNote.swift in Sources */ = {isa = PBXBuildFile; fileRef = A2D449DF7D2B65CDE6700E42 /* DayNote.swift */; };
		39601D0026D589F929E3B5E9 /* PaywallGate.swift in Sources */ = {isa = PBXBuildFile; fileRef = 5D86F24AC9372E0B5A9F6A25 /* PaywallGate.swift */; };
		3A40FCE8DCFB7B67BC1DEB6E /* LineRewriterTests.swift in Sources */ = {isa = PBXBuildFile; fileRef = 28C85519ACF4096B51BC3535 /* LineRewriterTests.swift */; };
		3D8A8C1F589731F75AB33BCA /* NutritionPlan.swift in Sources */ = {isa = PBXBuildFile; fileRef = A268DB5A88EC85BC89AB5337 /* NutritionPlan.swift */; };
		4244D21BD4FABAE865721A5F /* Feedback.swift in Sources */ = {isa = PBXBuildFile; fileRef = C530DD58A483BFDC0A3C400F /* Feedback.swift */; };
		470DDFF183C9096538F8E6F3 /* TobiWidget.swift in Sources */ = {isa = PBXBuildFile; fileRef = 80F69022F2967AEB798A50F5 /* TobiWidget.swift */; };
		4AE4B12CEB2C1501BD2C3AAE /* Reminders.swift in Sources */ = {isa = PBXBuildFile; fileRef = 5BCAAA368D3AECD109559A74 /* Reminders.swift */; };
		4C54419F08BFC2F5C4068F16 /* widget-tutorial.mp4 in Resources */ = {isa = PBXBuildFile; fileRef = 3A9D6431B5A9C5C2885FD4BE /* widget-tutorial.mp4 */; };
		4D0BE450339F5DB6AA71E773 /* FoodRequestUITests.swift in Sources */ = {isa = PBXBuildFile; fileRef = DFEA5F75C809F2C2A67F0CF4 /* FoodRequestUITests.swift */; };
		4F24112FDE712AF35ADB91E3 /* ProductNameTests.swift in Sources */ = {isa = PBXBuildFile; fileRef = 28648EF45A52ECDE9C7C2C92 /* ProductNameTests.swift */; };
		52B996030ED4D7BA451F2FDD /* JourneyChart.swift in Sources */ = {isa = PBXBuildFile; fileRef = 65A29F5B27272F349425B6B0 /* JourneyChart.swift */; };
		54703002DA5CEBD4AA2249E3 /* FeedbackSheet.swift in Sources */ = {isa = PBXBuildFile; fileRef = 17DDC0D4457B430C6FE50D69 /* FeedbackSheet.swift */; };
		5681C2303AEA7D7DE5F8B33F /* PaywallJoy.swift in Sources */ = {isa = PBXBuildFile; fileRef = 3FDF8B6C5A3F40C11AB863F4 /* PaywallJoy.swift */; };
		595CB9D9F877335B165AB0AC /* Assets.xcassets in Resources */ = {isa = PBXBuildFile; fileRef = 498D19ABF1432DAA1778FA8E /* Assets.xcassets */; };
		5B79DA8DC5FB679ABA3BD35E /* VoiceSpectrumTests.swift in Sources */ = {isa = PBXBuildFile; fileRef = D5F15F5DFF3D1C5DFB4747B1 /* VoiceSpectrumTests.swift */; };
		5C7A22804DA7A3FAF5BBAFBF /* WelcomeFoodFlight.swift in Sources */ = {isa = PBXBuildFile; fileRef = E75C5C4C8C0241704136815F /* WelcomeFoodFlight.swift */; };
		5CF651F012F4A1CCD3A49B2E /* Dictation.swift in Sources */ = {isa = PBXBuildFile; fileRef = 41C304B2749615A9C8558D00 /* Dictation.swift */; };
		60CF9B735A8AAE014F543DC8 /* Analytics.swift in Sources */ = {isa = PBXBuildFile; fileRef = 6565AD07DD783BF23AD3A699 /* Analytics.swift */; };
		6220A68694010013418FA89C /* Tracking.swift in Sources */ = {isa = PBXBuildFile; fileRef = E3CC70140F1D4009A913383C /* Tracking.swift */; };
		62734DD3F35E21CA38AFACD5 /* Theme.swift in Sources */ = {isa = PBXBuildFile; fileRef = 849BBE740074FABF951F498A /* Theme.swift */; };
		65C464813A2DDB0CB263616C /* tobi-head@3x.png in Resources */ = {isa = PBXBuildFile; fileRef = 733787F40680C2123994FCF0 /* tobi-head@3x.png */; };
		6BE263DB44E264E08858E8CF /* LineResolver.swift in Sources */ = {isa = PBXBuildFile; fileRef = 762C73C803ADECE8C3C246BC /* LineResolver.swift */; };
		6E31F7E803495BBDD87B2FAD /* BarcodeScanner.swift in Sources */ = {isa = PBXBuildFile; fileRef = FB6BC12515FB31BEA5AA5C7D /* BarcodeScanner.swift */; };
		6E5E54034CB4F717440BAA2E /* BrandProductTests.swift in Sources */ = {isa = PBXBuildFile; fileRef = DA5FA395EEC1B1F95F8911D0 /* BrandProductTests.swift */; };
		7267903BFF169BAE53EB59A7 /* BrandProduct.swift in Sources */ = {isa = PBXBuildFile; fileRef = 12F7B90D9D89B6E13A30F181 /* BrandProduct.swift */; };
		73A29CA35A4D4B571090FE1A /* TotalsBar.swift in Sources */ = {isa = PBXBuildFile; fileRef = C0047EB4EB0B56B8E2ED251B /* TotalsBar.swift */; };
		75921BBD618E283954DC1EF1 /* PrivacyInfo.xcprivacy in Resources */ = {isa = PBXBuildFile; fileRef = 699D0BC35D224FF03DFF866B /* PrivacyInfo.xcprivacy */; };
		76D459DF5D937386DAF12206 /* Motion.swift in Sources */ = {isa = PBXBuildFile; fileRef = E1994A7BED207538543F656B /* Motion.swift */; };
		7A20BED10E2C0A9B8A58D354 /* FoodRequests.swift in Sources */ = {isa = PBXBuildFile; fileRef = C188DDE73D658CE0F8082945 /* FoodRequests.swift */; };
		7C2B6D037D7B19584CD55EA0 /* WidgetSnapshot.swift in Sources */ = {isa = PBXBuildFile; fileRef = 641AFD9FA9A4A3FAB454B0CB /* WidgetSnapshot.swift */; };
		7F1E791DA4625F1175FCADEA /* PaywallRecapTests.swift in Sources */ = {isa = PBXBuildFile; fileRef = 5DEA2923D51ECF843DD4BBED /* PaywallRecapTests.swift */; };
		7FED395684710A36D8436CDB /* suplementos.json in Resources */ = {isa = PBXBuildFile; fileRef = D566E9F3436F427A2BDDC92E /* suplementos.json */; };
		84625DD8D6B6443969680CE8 /* ScanSheet.swift in Sources */ = {isa = PBXBuildFile; fileRef = 1131CC3800D87E1B7D9072F2 /* ScanSheet.swift */; };
		85617CBCDA00C7F8B9AE1EA5 /* TobiIcon.icon in Resources */ = {isa = PBXBuildFile; fileRef = 79FD6A8D17346C2902A3582A /* TobiIcon.icon */; };
		85A03EFDDA3D7B24646FC2DD /* TobiApp.swift in Sources */ = {isa = PBXBuildFile; fileRef = 3C5944BEFBCE0A6BC683771E /* TobiApp.swift */; };
		876E32B23BA5977857E4C448 /* Confetti.swift in Sources */ = {isa = PBXBuildFile; fileRef = 641C53C984F6E9BE0929536C /* Confetti.swift */; };
		89EABA6C32FBFD3B11D2A734 /* SafeLaunch.swift in Sources */ = {isa = PBXBuildFile; fileRef = B188110F3F161DF643F945A2 /* SafeLaunch.swift */; };
		8B64E9ECC964C5C90F3DFD97 /* PerformanceTests.swift in Sources */ = {isa = PBXBuildFile; fileRef = 3EB82E7EC337471EDD40D538 /* PerformanceTests.swift */; };
		8CEFBEA42E2411690944065B /* WelcomeFoodBite.swift in Sources */ = {isa = PBXBuildFile; fileRef = 45D476B718C12DF8A8B1B062 /* WelcomeFoodBite.swift */; };
		8D24C9183E293DC3E8DC81F7 /* GoalsCard.swift in Sources */ = {isa = PBXBuildFile; fileRef = 953F49314598C47639854B69 /* GoalsCard.swift */; };
		8E3E1AA54F455F6455A96B16 /* taco.json in Resources */ = {isa = PBXBuildFile; fileRef = 3E46D592AB857DDE87A3E279 /* taco.json */; };
		8F4E9EA745E7CA7726B0AC0B /* AppStoreScreenshots.swift in Sources */ = {isa = PBXBuildFile; fileRef = F30AFDFE44A93014B99AC198 /* AppStoreScreenshots.swift */; };
		904EBA54F3766F2FFAC8D665 /* FoodCoverageTests.swift in Sources */ = {isa = PBXBuildFile; fileRef = B5F71B97092266CA6BFFAEFA /* FoodCoverageTests.swift */; };
		92994DBBB9C2FE837CA5670E /* SettingsView.swift in Sources */ = {isa = PBXBuildFile; fileRef = 5EF17015117CAFBD333185A7 /* SettingsView.swift */; };
		964360C5675E68D3AF4C1E5A /* Assets.xcassets in Resources */ = {isa = PBXBuildFile; fileRef = BB8F2431FE4D24C230D6032D /* Assets.xcassets */; };
		9AA52967ADF6E68021005730 /* FoodRequestTests.swift in Sources */ = {isa = PBXBuildFile; fileRef = 046CD4B362CB69B975DAF5BC /* FoodRequestTests.swift */; };
		988D62DB0C9E2AB97C0914A3 /* Nutrition.swift in Sources */ = {isa = PBXBuildFile; fileRef = 3FA65013DB3626F696AD1207 /* Nutrition.swift */; };
		A09B974FEC943B4597B945C8 /* ProductName.swift in Sources */ = {isa = PBXBuildFile; fileRef = 309F9AA6258B1C07AABF120A /* ProductName.swift */; };
		A17543C64D9C4306850BE85F /* DayView.swift in Sources */ = {isa = PBXBuildFile; fileRef = 30CA4C9B21F8C3BEFF79C118 /* DayView.swift */; };
		A1C4B21EFC1A5429E6B0C2DB /* FoodPattern.swift in Sources */ = {isa = PBXBuildFile; fileRef = 00671C4B14A200F00350A067 /* FoodPattern.swift */; };
		AD15A9FF6ABCCF534EFA7145 /* OnboardingView.swift in Sources */ = {isa = PBXBuildFile; fileRef = 4964A550B3F84B8605839E0D /* OnboardingView.swift */; };
		B3D0C3C5D26C9AAE63686E2F /* food-pattern.png in Resources */ = {isa = PBXBuildFile; fileRef = 7ED581DDA0EE245908B4C28F /* food-pattern.png */; };
		B7CFC256A15133CCE2655D22 /* KeyboardBar.swift in Sources */ = {isa = PBXBuildFile; fileRef = 2751B53BA08C6765765F0715 /* KeyboardBar.swift */; };
		BCCC37DD29FD6993CA619AFA /* Assets.xcassets in Resources */ = {isa = PBXBuildFile; fileRef = 498D19ABF1432DAA1778FA8E /* Assets.xcassets */; };
		BCE692C7B16CC9F12D118FD3 /* LineResolverTests.swift in Sources */ = {isa = PBXBuildFile; fileRef = 2F6562E987766EA6B250D0F0 /* LineResolverTests.swift */; };
		BEC070B5CD52869753A2C583 /* ibge.json in Resources */ = {isa = PBXBuildFile; fileRef = F114B1E25377701C98EEFCF0 /* ibge.json */; };
		C43FE44916787D7ADD1601DA /* FoodDatabase.swift in Sources */ = {isa = PBXBuildFile; fileRef = 330296912C2E99B26C68D398 /* FoodDatabase.swift */; };
		C7B649C008949A3DA1A9FD57 /* NoteEditor.swift in Sources */ = {isa = PBXBuildFile; fileRef = 308590FF1E48DD45DCA78605 /* NoteEditor.swift */; };
		C8ADE9D17C878FC7AAC9AED2 /* tobi-face.json in Resources */ = {isa = PBXBuildFile; fileRef = EA37006553B03C4361C0334B /* tobi-face.json */; };
		CA5A00D6DAE91FEB931F021B /* WidgetViews.swift in Sources */ = {isa = PBXBuildFile; fileRef = 2A498453F5355C4CFFF3BE53 /* WidgetViews.swift */; };
		CB0F5488A843F6BA534B9498 /* WidgetSnapshot.swift in Sources */ = {isa = PBXBuildFile; fileRef = 641AFD9FA9A4A3FAB454B0CB /* WidgetSnapshot.swift */; };
		CEB02E0E7322DC94D373A734 /* WidgetViews.swift in Sources */ = {isa = PBXBuildFile; fileRef = 2A498453F5355C4CFFF3BE53 /* WidgetViews.swift */; };
		D1EF54B92BBDE4FAAA9E9B77 /* Paywall.swift in Sources */ = {isa = PBXBuildFile; fileRef = 44FE4189A6E5925F21B89BC5 /* Paywall.swift */; };
		D37F49C08EC32397D58BCD15 /* QuickActions.swift in Sources */ = {isa = PBXBuildFile; fileRef = D60A1B4F9BF9011FCEFAE6B0 /* QuickActions.swift */; };
		D8FA67EB6FBF6DDB86E8BC12 /* BrazilianSlangAndPortionTests.swift in Sources */ = {isa = PBXBuildFile; fileRef = 4A45D6744CE27A4B0857E86A /* BrazilianSlangAndPortionTests.swift */; };
		DB0945C61BAA86B1575D2F49 /* FoodTables.swift in Sources */ = {isa = PBXBuildFile; fileRef = FC10422EB949975055CDB990 /* FoodTables.swift */; };
		DFB03B6045CB81552DD4F5C4 /* fastfood.json in Resources */ = {isa = PBXBuildFile; fileRef = 445349C7B857AF907783D17F /* fastfood.json */; };
		E0E251BE60E2B21F6C1AEE97 /* founder.jpg in Resources */ = {isa = PBXBuildFile; fileRef = BA680DFDD0EF1E4477D6A6F8 /* founder.jpg */; };
		E493A9B7173AFAF4F9A42F3D /* WelcomeFoodRoute.swift in Sources */ = {isa = PBXBuildFile; fileRef = 9155A902428D8604F628C436 /* WelcomeFoodRoute.swift */; };
		EA86F559E4DEC049BC92A19B /* TobiWidget.appex in Embed Foundation Extensions */ = {isa = PBXBuildFile; fileRef = 2F2EF17516413CFFB93751F3 /* TobiWidget.appex */; settings = {ATTRIBUTES = (RemoveHeadersOnCopy, ); }; };
		F10047776139D6EE95053CB9 /* FoodParserTests.swift in Sources */ = {isa = PBXBuildFile; fileRef = A61D93B4C4C2B1562F8CBA23 /* FoodParserTests.swift */; };
		F2C99AD4E9968F2808061B39 /* LineHelp.swift in Sources */ = {isa = PBXBuildFile; fileRef = 75ECB48C3EDC7FA0CFE250EA /* LineHelp.swift */; };
		F4B3AC4236FA8F00BA88FC24 /* FoodCorrection.swift in Sources */ = {isa = PBXBuildFile; fileRef = F22E96B8622A13A7FFD27968 /* FoodCorrection.swift */; };
		F4F03DB08A9EB42588CE07CE /* InputMethodsShowcase.swift in Sources */ = {isa = PBXBuildFile; fileRef = 3E169475F08FF10FB129498E /* InputMethodsShowcase.swift */; };
		F629E96C5891DFAA0E5AF0BC /* ConfettiCannons.swift in Sources */ = {isa = PBXBuildFile; fileRef = D776BAEAF45963A2D807E30C /* ConfettiCannons.swift */; };
		F65FC358ED34EFB005A5DFE8 /* FounderLetter.swift in Sources */ = {isa = PBXBuildFile; fileRef = E879FC43F4532A952334A75E /* FounderLetter.swift */; };
		F90651BCAF45D616918D5187 /* WelcomeFood.swift in Sources */ = {isa = PBXBuildFile; fileRef = 49472BC1DE4C1DCD9F5E6204 /* WelcomeFood.swift */; };
		FAAE64B7C7E77D5DD57C8FDC /* RevenueCat in Frameworks */ = {isa = PBXBuildFile; productRef = BFE74D4BCEDBAC94581CB0A8 /* RevenueCat */; };
		FB452BB1ED37189C55EFF16B /* LineRewriter.swift in Sources */ = {isa = PBXBuildFile; fileRef = 1C87CE0B25D3C707E51A6DBA /* LineRewriter.swift */; };
		FDD953D0FE09F4316F02D6DC /* FoodParser.swift in Sources */ = {isa = PBXBuildFile; fileRef = A46A98F03E2CF68A0D4D7978 /* FoodParser.swift */; };
/* End PBXBuildFile section */

/* Begin PBXContainerItemProxy section */
		622B5199F173CB7C2FDA5691 /* PBXContainerItemProxy */ = {
			isa = PBXContainerItemProxy;
			containerPortal = 1FDF005C269014936688677A /* Project object */;
			proxyType = 1;
			remoteGlobalIDString = 9C44C406D4E47A5A63E3B149;
			remoteInfo = Tobi;
		};
		6254AE61B072CBB234CE8A80 /* PBXContainerItemProxy */ = {
			isa = PBXContainerItemProxy;
			containerPortal = 1FDF005C269014936688677A /* Project object */;
			proxyType = 1;
			remoteGlobalIDString = DA02A5E21BA4011FF6D54988;
			remoteInfo = TobiWidget;
		};
		B8A37C21BE495723A4809FBF /* PBXContainerItemProxy */ = {
			isa = PBXContainerItemProxy;
			containerPortal = 1FDF005C269014936688677A /* Project object */;
			proxyType = 1;
			remoteGlobalIDString = 9C44C406D4E47A5A63E3B149;
			remoteInfo = Tobi;
		};
/* End PBXContainerItemProxy section */

/* Begin PBXCopyFilesBuildPhase section */
		948D4B6E8ABA64681F20809D /* Embed Foundation Extensions */ = {
			isa = PBXCopyFilesBuildPhase;
			buildActionMask = 2147483647;
			dstPath = "";
			dstSubfolderSpec = 13;
			files = (
				EA86F559E4DEC049BC92A19B /* TobiWidget.appex in Embed Foundation Extensions */,
			);
			name = "Embed Foundation Extensions";
			runOnlyForDeploymentPostprocessing = 0;
		};
/* End PBXCopyFilesBuildPhase section */

/* Begin PBXFileReference section */
		046CD4B362CB69B975DAF5BC /* FoodRequestTests.swift */ = {isa = PBXFileReference; lastKnownFileType = sourcecode.swift; path = FoodRequestTests.swift; sourceTree = "<group>"; };
		00671C4B14A200F00350A067 /* FoodPattern.swift */ = {isa = PBXFileReference; lastKnownFileType = sourcecode.swift; path = FoodPattern.swift; sourceTree = "<group>"; };
		1131CC3800D87E1B7D9072F2 /* ScanSheet.swift */ = {isa = PBXFileReference; lastKnownFileType = sourcecode.swift; path = ScanSheet.swift; sourceTree = "<group>"; };
		12F7B90D9D89B6E13A30F181 /* BrandProduct.swift */ = {isa = PBXFileReference; lastKnownFileType = sourcecode.swift; path = BrandProduct.swift; sourceTree = "<group>"; };
		14F381F9A54EDB692CEAD471 /* TobiWidget.entitlements */ = {isa = PBXFileReference; lastKnownFileType = text.plist.entitlements; path = TobiWidget.entitlements; sourceTree = "<group>"; };
		17DDC0D4457B430C6FE50D69 /* FeedbackSheet.swift */ = {isa = PBXFileReference; lastKnownFileType = sourcecode.swift; path = FeedbackSheet.swift; sourceTree = "<group>"; };
		1C87CE0B25D3C707E51A6DBA /* LineRewriter.swift */ = {isa = PBXFileReference; lastKnownFileType = sourcecode.swift; path = LineRewriter.swift; sourceTree = "<group>"; };
		1FB62EBAB89589280BD3E789 /* FirstMealDemoTests.swift */ = {isa = PBXFileReference; lastKnownFileType = sourcecode.swift; path = FirstMealDemoTests.swift; sourceTree = "<group>"; };
		24A968E58270082D0B4D900E /* Info.plist */ = {isa = PBXFileReference; lastKnownFileType = text.plist; path = Info.plist; sourceTree = "<group>"; };
		2751B53BA08C6765765F0715 /* KeyboardBar.swift */ = {isa = PBXFileReference; lastKnownFileType = sourcecode.swift; path = KeyboardBar.swift; sourceTree = "<group>"; };
		28648EF45A52ECDE9C7C2C92 /* ProductNameTests.swift */ = {isa = PBXFileReference; lastKnownFileType = sourcecode.swift; path = ProductNameTests.swift; sourceTree = "<group>"; };
		2872FA24B522D05EF587CF3E /* VoiceGlow.swift */ = {isa = PBXFileReference; lastKnownFileType = sourcecode.swift; path = VoiceGlow.swift; sourceTree = "<group>"; };
		28C85519ACF4096B51BC3535 /* LineRewriterTests.swift */ = {isa = PBXFileReference; lastKnownFileType = sourcecode.swift; path = LineRewriterTests.swift; sourceTree = "<group>"; };
		2A498453F5355C4CFFF3BE53 /* WidgetViews.swift */ = {isa = PBXFileReference; lastKnownFileType = sourcecode.swift; path = WidgetViews.swift; sourceTree = "<group>"; };
		2C55AD3DAF7E4423AA5D2BBF /* Tobi.entitlements */ = {isa = PBXFileReference; lastKnownFileType = text.plist.entitlements; path = Tobi.entitlements; sourceTree = "<group>"; };
		2F2EF17516413CFFB93751F3 /* TobiWidget.appex */ = {isa = PBXFileReference; includeInIndex = 0; lastKnownFileType = "wrapper.app-extension"; path = TobiWidget.appex; sourceTree = BUILT_PRODUCTS_DIR; };
		2F6562E987766EA6B250D0F0 /* LineResolverTests.swift */ = {isa = PBXFileReference; lastKnownFileType = sourcecode.swift; path = LineResolverTests.swift; sourceTree = "<group>"; };
		308590FF1E48DD45DCA78605 /* NoteEditor.swift */ = {isa = PBXFileReference; lastKnownFileType = sourcecode.swift; path = NoteEditor.swift; sourceTree = "<group>"; };
		309F9AA6258B1C07AABF120A /* ProductName.swift */ = {isa = PBXFileReference; lastKnownFileType = sourcecode.swift; path = ProductName.swift; sourceTree = "<group>"; };
		30CA4C9B21F8C3BEFF79C118 /* DayView.swift */ = {isa = PBXFileReference; lastKnownFileType = sourcecode.swift; path = DayView.swift; sourceTree = "<group>"; };
		330296912C2E99B26C68D398 /* FoodDatabase.swift */ = {isa = PBXFileReference; lastKnownFileType = sourcecode.swift; path = FoodDatabase.swift; sourceTree = "<group>"; };
		3A9D6431B5A9C5C2885FD4BE /* widget-tutorial.mp4 */ = {isa = PBXFileReference; path = "widget-tutorial.mp4"; sourceTree = "<group>"; };
		3C5944BEFBCE0A6BC683771E /* TobiApp.swift */ = {isa = PBXFileReference; lastKnownFileType = sourcecode.swift; path = TobiApp.swift; sourceTree = "<group>"; };
		3E169475F08FF10FB129498E /* InputMethodsShowcase.swift */ = {isa = PBXFileReference; lastKnownFileType = sourcecode.swift; path = InputMethodsShowcase.swift; sourceTree = "<group>"; };
		3E46D592AB857DDE87A3E279 /* taco.json */ = {isa = PBXFileReference; lastKnownFileType = text.json; path = taco.json; sourceTree = "<group>"; };
		3EB82E7EC337471EDD40D538 /* PerformanceTests.swift */ = {isa = PBXFileReference; lastKnownFileType = sourcecode.swift; path = PerformanceTests.swift; sourceTree = "<group>"; };
		3FA65013DB3626F696AD1207 /* Nutrition.swift */ = {isa = PBXFileReference; lastKnownFileType = sourcecode.swift; path = Nutrition.swift; sourceTree = "<group>"; };
		3FDF8B6C5A3F40C11AB863F4 /* PaywallJoy.swift */ = {isa = PBXFileReference; lastKnownFileType = sourcecode.swift; path = PaywallJoy.swift; sourceTree = "<group>"; };
		41C304B2749615A9C8558D00 /* Dictation.swift */ = {isa = PBXFileReference; lastKnownFileType = sourcecode.swift; path = Dictation.swift; sourceTree = "<group>"; };
		445349C7B857AF907783D17F /* fastfood.json */ = {isa = PBXFileReference; lastKnownFileType = text.json; path = fastfood.json; sourceTree = "<group>"; };
		44FE4189A6E5925F21B89BC5 /* Paywall.swift */ = {isa = PBXFileReference; lastKnownFileType = sourcecode.swift; path = Paywall.swift; sourceTree = "<group>"; };
		45A6CD938A64353750C04F9A /* TobiTests.xctest */ = {isa = PBXFileReference; includeInIndex = 0; lastKnownFileType = wrapper.cfbundle; path = TobiTests.xctest; sourceTree = BUILT_PRODUCTS_DIR; };
		45D476B718C12DF8A8B1B062 /* WelcomeFoodBite.swift */ = {isa = PBXFileReference; lastKnownFileType = sourcecode.swift; path = WelcomeFoodBite.swift; sourceTree = "<group>"; };
		486E0C1E47B372ABC6B5B037 /* TobiFaceAssetTests.swift */ = {isa = PBXFileReference; lastKnownFileType = sourcecode.swift; path = TobiFaceAssetTests.swift; sourceTree = "<group>"; };
		49472BC1DE4C1DCD9F5E6204 /* WelcomeFood.swift */ = {isa = PBXFileReference; lastKnownFileType = sourcecode.swift; path = WelcomeFood.swift; sourceTree = "<group>"; };
		4964A550B3F84B8605839E0D /* OnboardingView.swift */ = {isa = PBXFileReference; lastKnownFileType = sourcecode.swift; path = OnboardingView.swift; sourceTree = "<group>"; };
		498D19ABF1432DAA1778FA8E /* Assets.xcassets */ = {isa = PBXFileReference; lastKnownFileType = folder.assetcatalog; path = Assets.xcassets; sourceTree = "<group>"; };
		49AFBD09578FE79F28932BBC /* WritingScreenUITests.swift */ = {isa = PBXFileReference; lastKnownFileType = sourcecode.swift; path = WritingScreenUITests.swift; sourceTree = "<group>"; };
		4A45D6744CE27A4B0857E86A /* BrazilianSlangAndPortionTests.swift */ = {isa = PBXFileReference; lastKnownFileType = sourcecode.swift; path = BrazilianSlangAndPortionTests.swift; sourceTree = "<group>"; };
		50C8DB4618CA48C83CE1C987 /* VoiceSpectrum.swift */ = {isa = PBXFileReference; lastKnownFileType = sourcecode.swift; path = VoiceSpectrum.swift; sourceTree = "<group>"; };
		5508056D8812CD4023849196 /* WidgetBridge.swift */ = {isa = PBXFileReference; lastKnownFileType = sourcecode.swift; path = WidgetBridge.swift; sourceTree = "<group>"; };
		578EB1D891D049FA917EE424 /* NoteCSV.swift */ = {isa = PBXFileReference; lastKnownFileType = sourcecode.swift; path = NoteCSV.swift; sourceTree = "<group>"; };
		5BCAAA368D3AECD109559A74 /* Reminders.swift */ = {isa = PBXFileReference; lastKnownFileType = sourcecode.swift; path = Reminders.swift; sourceTree = "<group>"; };
		5D86F24AC9372E0B5A9F6A25 /* PaywallGate.swift */ = {isa = PBXFileReference; lastKnownFileType = sourcecode.swift; path = PaywallGate.swift; sourceTree = "<group>"; };
		5DEA2923D51ECF843DD4BBED /* PaywallRecapTests.swift */ = {isa = PBXFileReference; lastKnownFileType = sourcecode.swift; path = PaywallRecapTests.swift; sourceTree = "<group>"; };
		5EE91F9DA7BB85069B0333E4 /* WidgetStep.swift */ = {isa = PBXFileReference; lastKnownFileType = sourcecode.swift; path = WidgetStep.swift; sourceTree = "<group>"; };
		5EF17015117CAFBD333185A7 /* SettingsView.swift */ = {isa = PBXFileReference; lastKnownFileType = sourcecode.swift; path = SettingsView.swift; sourceTree = "<group>"; };
		641AFD9FA9A4A3FAB454B0CB /* WidgetSnapshot.swift */ = {isa = PBXFileReference; lastKnownFileType = sourcecode.swift; path = WidgetSnapshot.swift; sourceTree = "<group>"; };
		641C53C984F6E9BE0929536C /* Confetti.swift */ = {isa = PBXFileReference; lastKnownFileType = sourcecode.swift; path = Confetti.swift; sourceTree = "<group>"; };
		6565AD07DD783BF23AD3A699 /* Analytics.swift */ = {isa = PBXFileReference; lastKnownFileType = sourcecode.swift; path = Analytics.swift; sourceTree = "<group>"; };
		65A29F5B27272F349425B6B0 /* JourneyChart.swift */ = {isa = PBXFileReference; lastKnownFileType = sourcecode.swift; path = JourneyChart.swift; sourceTree = "<group>"; };
		693E1062F5E9612595AAFAE8 /* OpenFoodFacts.swift */ = {isa = PBXFileReference; lastKnownFileType = sourcecode.swift; path = OpenFoodFacts.swift; sourceTree = "<group>"; };
		699D0BC35D224FF03DFF866B /* PrivacyInfo.xcprivacy */ = {isa = PBXFileReference; path = PrivacyInfo.xcprivacy; sourceTree = "<group>"; };
		6DDD333EB71EFBF77A7476E6 /* Tobi.app */ = {isa = PBXFileReference; includeInIndex = 0; lastKnownFileType = wrapper.application; path = Tobi.app; sourceTree = BUILT_PRODUCTS_DIR; };
		733787F40680C2123994FCF0 /* tobi-head@3x.png */ = {isa = PBXFileReference; lastKnownFileType = image.png; path = "tobi-head@3x.png"; sourceTree = "<group>"; };
		75ECB48C3EDC7FA0CFE250EA /* LineHelp.swift */ = {isa = PBXFileReference; lastKnownFileType = sourcecode.swift; path = LineHelp.swift; sourceTree = "<group>"; };
		762C73C803ADECE8C3C246BC /* LineResolver.swift */ = {isa = PBXFileReference; lastKnownFileType = sourcecode.swift; path = LineResolver.swift; sourceTree = "<group>"; };
		79FD6A8D17346C2902A3582A /* TobiIcon.icon */ = {isa = PBXFileReference; lastKnownFileType = wrapper.icon; path = TobiIcon.icon; sourceTree = "<group>"; };
		7ED581DDA0EE245908B4C28F /* food-pattern.png */ = {isa = PBXFileReference; lastKnownFileType = image.png; path = "food-pattern.png"; sourceTree = "<group>"; };
		80F69022F2967AEB798A50F5 /* TobiWidget.swift */ = {isa = PBXFileReference; lastKnownFileType = sourcecode.swift; path = TobiWidget.swift; sourceTree = "<group>"; };
		849BBE740074FABF951F498A /* Theme.swift */ = {isa = PBXFileReference; lastKnownFileType = sourcecode.swift; path = Theme.swift; sourceTree = "<group>"; };
		8734C3998A0F55F94AAD8688 /* NutritionPlanTests.swift */ = {isa = PBXFileReference; lastKnownFileType = sourcecode.swift; path = NutritionPlanTests.swift; sourceTree = "<group>"; };
		9155A902428D8604F628C436 /* WelcomeFoodRoute.swift */ = {isa = PBXFileReference; lastKnownFileType = sourcecode.swift; path = WelcomeFoodRoute.swift; sourceTree = "<group>"; };
		953F49314598C47639854B69 /* GoalsCard.swift */ = {isa = PBXFileReference; lastKnownFileType = sourcecode.swift; path = GoalsCard.swift; sourceTree = "<group>"; };
		963E22CC66A5C7545DF75EB1 /* TobiStore.swift */ = {isa = PBXFileReference; lastKnownFileType = sourcecode.swift; path = TobiStore.swift; sourceTree = "<group>"; };
		A268DB5A88EC85BC89AB5337 /* NutritionPlan.swift */ = {isa = PBXFileReference; lastKnownFileType = sourcecode.swift; path = NutritionPlan.swift; sourceTree = "<group>"; };
		A2D449DF7D2B65CDE6700E42 /* DayNote.swift */ = {isa = PBXFileReference; lastKnownFileType = sourcecode.swift; path = DayNote.swift; sourceTree = "<group>"; };
		A46A98F03E2CF68A0D4D7978 /* FoodParser.swift */ = {isa = PBXFileReference; lastKnownFileType = sourcecode.swift; path = FoodParser.swift; sourceTree = "<group>"; };
		A61D93B4C4C2B1562F8CBA23 /* FoodParserTests.swift */ = {isa = PBXFileReference; lastKnownFileType = sourcecode.swift; path = FoodParserTests.swift; sourceTree = "<group>"; };
		A76A57163BD1DF2BF341D43F /* PaywallShowcase.swift */ = {isa = PBXFileReference; lastKnownFileType = sourcecode.swift; path = PaywallShowcase.swift; sourceTree = "<group>"; };
		B188110F3F161DF643F945A2 /* SafeLaunch.swift */ = {isa = PBXFileReference; lastKnownFileType = sourcecode.swift; path = SafeLaunch.swift; sourceTree = "<group>"; };
		B5F71B97092266CA6BFFAEFA /* FoodCoverageTests.swift */ = {isa = PBXFileReference; lastKnownFileType = sourcecode.swift; path = FoodCoverageTests.swift; sourceTree = "<group>"; };
		BA680DFDD0EF1E4477D6A6F8 /* founder.jpg */ = {isa = PBXFileReference; lastKnownFileType = image.jpeg; path = founder.jpg; sourceTree = "<group>"; };
		C188DDE73D658CE0F8082945 /* FoodRequests.swift */ = {isa = PBXFileReference; lastKnownFileType = sourcecode.swift; path = FoodRequests.swift; sourceTree = "<group>"; };
		BB8F2431FE4D24C230D6032D /* Assets.xcassets */ = {isa = PBXFileReference; lastKnownFileType = folder.assetcatalog; path = Assets.xcassets; sourceTree = "<group>"; };
		C0047EB4EB0B56B8E2ED251B /* TotalsBar.swift */ = {isa = PBXFileReference; lastKnownFileType = sourcecode.swift; path = TotalsBar.swift; sourceTree = "<group>"; };
		C530DD58A483BFDC0A3C400F /* Feedback.swift */ = {isa = PBXFileReference; lastKnownFileType = sourcecode.swift; path = Feedback.swift; sourceTree = "<group>"; };
		C751682A98CEC2AF35AC1405 /* FirstMealDemo.swift */ = {isa = PBXFileReference; lastKnownFileType = sourcecode.swift; path = FirstMealDemo.swift; sourceTree = "<group>"; };
		C8C2E089F5BB672F2BC24E98 /* ThinkingReveal.swift */ = {isa = PBXFileReference; lastKnownFileType = sourcecode.swift; path = ThinkingReveal.swift; sourceTree = "<group>"; };
		C9B9ABA662E17E8154754CE6 /* WelcomeFoodRouteTests.swift */ = {isa = PBXFileReference; lastKnownFileType = sourcecode.swift; path = WelcomeFoodRouteTests.swift; sourceTree = "<group>"; };
		CBD850D37F024E14534FF063 /* PaywallLetter.swift */ = {isa = PBXFileReference; lastKnownFileType = sourcecode.swift; path = PaywallLetter.swift; sourceTree = "<group>"; };
		D566E9F3436F427A2BDDC92E /* suplementos.json */ = {isa = PBXFileReference; lastKnownFileType = text.json; path = suplementos.json; sourceTree = "<group>"; };
		D5F15F5DFF3D1C5DFB4747B1 /* VoiceSpectrumTests.swift */ = {isa = PBXFileReference; lastKnownFileType = sourcecode.swift; path = VoiceSpectrumTests.swift; sourceTree = "<group>"; };
		D60A1B4F9BF9011FCEFAE6B0 /* QuickActions.swift */ = {isa = PBXFileReference; lastKnownFileType = sourcecode.swift; path = QuickActions.swift; sourceTree = "<group>"; };
		D776BAEAF45963A2D807E30C /* ConfettiCannons.swift */ = {isa = PBXFileReference; lastKnownFileType = sourcecode.swift; path = ConfettiCannons.swift; sourceTree = "<group>"; };
		DFEA5F75C809F2C2A67F0CF4 /* FoodRequestUITests.swift */ = {isa = PBXFileReference; lastKnownFileType = sourcecode.swift; path = FoodRequestUITests.swift; sourceTree = "<group>"; };
		D94DD3657B48F6EE45558C4C /* TobiFaceView.swift */ = {isa = PBXFileReference; lastKnownFileType = sourcecode.swift; path = TobiFaceView.swift; sourceTree = "<group>"; };
		DA5FA395EEC1B1F95F8911D0 /* BrandProductTests.swift */ = {isa = PBXFileReference; lastKnownFileType = sourcecode.swift; path = BrandProductTests.swift; sourceTree = "<group>"; };
		E1994A7BED207538543F656B /* Motion.swift */ = {isa = PBXFileReference; lastKnownFileType = sourcecode.swift; path = Motion.swift; sourceTree = "<group>"; };
		E3CC70140F1D4009A913383C /* Tracking.swift */ = {isa = PBXFileReference; lastKnownFileType = sourcecode.swift; path = Tracking.swift; sourceTree = "<group>"; };
		E75C5C4C8C0241704136815F /* WelcomeFoodFlight.swift */ = {isa = PBXFileReference; lastKnownFileType = sourcecode.swift; path = WelcomeFoodFlight.swift; sourceTree = "<group>"; };
		E879FC43F4532A952334A75E /* FounderLetter.swift */ = {isa = PBXFileReference; lastKnownFileType = sourcecode.swift; path = FounderLetter.swift; sourceTree = "<group>"; };
		E951F4742B5EFD8897822E6E /* LineEditingUITests.swift */ = {isa = PBXFileReference; lastKnownFileType = sourcecode.swift; path = LineEditingUITests.swift; sourceTree = "<group>"; };
		EA37006553B03C4361C0334B /* tobi-face.json */ = {isa = PBXFileReference; lastKnownFileType = text.json; path = "tobi-face.json"; sourceTree = "<group>"; };
		F114B1E25377701C98EEFCF0 /* ibge.json */ = {isa = PBXFileReference; lastKnownFileType = text.json; path = ibge.json; sourceTree = "<group>"; };
		F22DD0603754279324293121 /* TobiUITests.xctest */ = {isa = PBXFileReference; includeInIndex = 0; lastKnownFileType = wrapper.cfbundle; path = TobiUITests.xctest; sourceTree = BUILT_PRODUCTS_DIR; };
		F22E96B8622A13A7FFD27968 /* FoodCorrection.swift */ = {isa = PBXFileReference; lastKnownFileType = sourcecode.swift; path = FoodCorrection.swift; sourceTree = "<group>"; };
		F30AFDFE44A93014B99AC198 /* AppStoreScreenshots.swift */ = {isa = PBXFileReference; lastKnownFileType = sourcecode.swift; path = AppStoreScreenshots.swift; sourceTree = "<group>"; };
		F7CD6A02F831A013DE88C212 /* SupplementTests.swift */ = {isa = PBXFileReference; lastKnownFileType = sourcecode.swift; path = SupplementTests.swift; sourceTree = "<group>"; };
		FB6BC12515FB31BEA5AA5C7D /* BarcodeScanner.swift */ = {isa = PBXFileReference; lastKnownFileType = sourcecode.swift; path = BarcodeScanner.swift; sourceTree = "<group>"; };
		FC10422EB949975055CDB990 /* FoodTables.swift */ = {isa = PBXFileReference; lastKnownFileType = sourcecode.swift; path = FoodTables.swift; sourceTree = "<group>"; };
/* End PBXFileReference section */

/* Begin PBXFrameworksBuildPhase section */
		FC9B540CE5B8B2E87CB3B5AA /* Frameworks */ = {
			isa = PBXFrameworksBuildPhase;
			buildActionMask = 2147483647;
			files = (
				FAAE64B7C7E77D5DD57C8FDC /* RevenueCat in Frameworks */,
				22AD44338B56D02F080729D3 /* PostHog in Frameworks */,
			);
			runOnlyForDeploymentPostprocessing = 0;
		};
/* End PBXFrameworksBuildPhase section */

/* Begin PBXGroup section */
		043BB0472D4B09E963CFC188 /* App */ = {
			isa = PBXGroup;
			children = (
				6565AD07DD783BF23AD3A699 /* Analytics.swift */,
				C530DD58A483BFDC0A3C400F /* Feedback.swift */,
				D60A1B4F9BF9011FCEFAE6B0 /* QuickActions.swift */,
				3C5944BEFBCE0A6BC683771E /* TobiApp.swift */,
				E3CC70140F1D4009A913383C /* Tracking.swift */,
				5508056D8812CD4023849196 /* WidgetBridge.swift */,
			);
			path = App;
			sourceTree = "<group>";
		};
		0F8A01ABFCFF9E1F95E1CABA /* Character */ = {
			isa = PBXGroup;
			children = (
				D94DD3657B48F6EE45558C4C /* TobiFaceView.swift */,
			);
			path = Character;
			sourceTree = "<group>";
		};
		1050D008790E920C10D84724 = {
			isa = PBXGroup;
			children = (
				DC16048050945594E5019867 /* Asset-Icon */,
				1C383F945F517AA8785865CA /* Shared */,
				ACCE96EE5608DD8053FEBD4E /* Tobi */,
				22717634C632AF809F7A655B /* TobiTests */,
				D7FC5BB26AC27DA44D71C5E8 /* TobiUITests */,
				5111FACE6ADD270789BCD289 /* TobiWidget */,
				34AEF3B9EB6A46C994955C63 /* Products */,
			);
			sourceTree = "<group>";
		};
		1C383F945F517AA8785865CA /* Shared */ = {
			isa = PBXGroup;
			children = (
				641AFD9FA9A4A3FAB454B0CB /* WidgetSnapshot.swift */,
				2A498453F5355C4CFFF3BE53 /* WidgetViews.swift */,
			);
			path = Shared;
			sourceTree = "<group>";
		};
		2067EA3ADB64A7D60255A807 /* Nutrition */ = {
			isa = PBXGroup;
			children = (
				F22E96B8622A13A7FFD27968 /* FoodCorrection.swift */,
				C188DDE73D658CE0F8082945 /* FoodRequests.swift */,
				330296912C2E99B26C68D398 /* FoodDatabase.swift */,
				A46A98F03E2CF68A0D4D7978 /* FoodParser.swift */,
				FC10422EB949975055CDB990 /* FoodTables.swift */,
				762C73C803ADECE8C3C246BC /* LineResolver.swift */,
				1C87CE0B25D3C707E51A6DBA /* LineRewriter.swift */,
				3FA65013DB3626F696AD1207 /* Nutrition.swift */,
			);
			path = Nutrition;
			sourceTree = "<group>";
		};
		22717634C632AF809F7A655B /* TobiTests */ = {
			isa = PBXGroup;
			children = (
				DA5FA395EEC1B1F95F8911D0 /* BrandProductTests.swift */,
				4A45D6744CE27A4B0857E86A /* BrazilianSlangAndPortionTests.swift */,
				1FB62EBAB89589280BD3E789 /* FirstMealDemoTests.swift */,
				046CD4B362CB69B975DAF5BC /* FoodRequestTests.swift */,
				B5F71B97092266CA6BFFAEFA /* FoodCoverageTests.swift */,
				A61D93B4C4C2B1562F8CBA23 /* FoodParserTests.swift */,
				2F6562E987766EA6B250D0F0 /* LineResolverTests.swift */,
				28C85519ACF4096B51BC3535 /* LineRewriterTests.swift */,
				8734C3998A0F55F94AAD8688 /* NutritionPlanTests.swift */,
				5DEA2923D51ECF843DD4BBED /* PaywallRecapTests.swift */,
				3EB82E7EC337471EDD40D538 /* PerformanceTests.swift */,
				28648EF45A52ECDE9C7C2C92 /* ProductNameTests.swift */,
				F7CD6A02F831A013DE88C212 /* SupplementTests.swift */,
				486E0C1E47B372ABC6B5B037 /* TobiFaceAssetTests.swift */,
				D5F15F5DFF3D1C5DFB4747B1 /* VoiceSpectrumTests.swift */,
				C9B9ABA662E17E8154754CE6 /* WelcomeFoodRouteTests.swift */,
			);
			path = TobiTests;
			sourceTree = "<group>";
		};
		34AEF3B9EB6A46C994955C63 /* Products */ = {
			isa = PBXGroup;
			children = (
				6DDD333EB71EFBF77A7476E6 /* Tobi.app */,
				45A6CD938A64353750C04F9A /* TobiTests.xctest */,
				F22DD0603754279324293121 /* TobiUITests.xctest */,
				2F2EF17516413CFFB93751F3 /* TobiWidget.appex */,
			);
			name = Products;
			sourceTree = "<group>";
		};
		5111FACE6ADD270789BCD289 /* TobiWidget */ = {
			isa = PBXGroup;
			children = (
				498D19ABF1432DAA1778FA8E /* Assets.xcassets */,
				24A968E58270082D0B4D900E /* Info.plist */,
				14F381F9A54EDB692CEAD471 /* TobiWidget.entitlements */,
				80F69022F2967AEB798A50F5 /* TobiWidget.swift */,
			);
			path = TobiWidget;
			sourceTree = "<group>";
		};
		7F67FF23429A7B508996553F /* Input */ = {
			isa = PBXGroup;
			children = (
				41C304B2749615A9C8558D00 /* Dictation.swift */,
				50C8DB4618CA48C83CE1C987 /* VoiceSpectrum.swift */,
			);
			path = Input;
			sourceTree = "<group>";
		};
		82B00CD4FC82EBE1B6D61523 /* Brands */ = {
			isa = PBXGroup;
			children = (
				FB6BC12515FB31BEA5AA5C7D /* BarcodeScanner.swift */,
				12F7B90D9D89B6E13A30F181 /* BrandProduct.swift */,
				693E1062F5E9612595AAFAE8 /* OpenFoodFacts.swift */,
				309F9AA6258B1C07AABF120A /* ProductName.swift */,
				1131CC3800D87E1B7D9072F2 /* ScanSheet.swift */,
			);
			path = Brands;
			sourceTree = "<group>";
		};
		89DD1B90E614A9922E1AA155 /* Views */ = {
			isa = PBXGroup;
			children = (
				641C53C984F6E9BE0929536C /* Confetti.swift */,
				30CA4C9B21F8C3BEFF79C118 /* DayView.swift */,
				17DDC0D4457B430C6FE50D69 /* FeedbackSheet.swift */,
				00671C4B14A200F00350A067 /* FoodPattern.swift */,
				953F49314598C47639854B69 /* GoalsCard.swift */,
				2751B53BA08C6765765F0715 /* KeyboardBar.swift */,
				75ECB48C3EDC7FA0CFE250EA /* LineHelp.swift */,
				E1994A7BED207538543F656B /* Motion.swift */,
				308590FF1E48DD45DCA78605 /* NoteEditor.swift */,
				5EF17015117CAFBD333185A7 /* SettingsView.swift */,
				849BBE740074FABF951F498A /* Theme.swift */,
				C8C2E089F5BB672F2BC24E98 /* ThinkingReveal.swift */,
				C0047EB4EB0B56B8E2ED251B /* TotalsBar.swift */,
				2872FA24B522D05EF587CF3E /* VoiceGlow.swift */,
			);
			path = Views;
			sourceTree = "<group>";
		};
		A2AD73E97F94164FA7D2C87C /* Store */ = {
			isa = PBXGroup;
			children = (
				963E22CC66A5C7545DF75EB1 /* TobiStore.swift */,
			);
			path = Store;
			sourceTree = "<group>";
		};
		A2B3E6E2F2BD447E2B520798 /* Onboarding */ = {
			isa = PBXGroup;
			children = (
				D776BAEAF45963A2D807E30C /* ConfettiCannons.swift */,
				C751682A98CEC2AF35AC1405 /* FirstMealDemo.swift */,
				E879FC43F4532A952334A75E /* FounderLetter.swift */,
				3E169475F08FF10FB129498E /* InputMethodsShowcase.swift */,
				65A29F5B27272F349425B6B0 /* JourneyChart.swift */,
				A268DB5A88EC85BC89AB5337 /* NutritionPlan.swift */,
				4964A550B3F84B8605839E0D /* OnboardingView.swift */,
				44FE4189A6E5925F21B89BC5 /* Paywall.swift */,
				5D86F24AC9372E0B5A9F6A25 /* PaywallGate.swift */,
				3FDF8B6C5A3F40C11AB863F4 /* PaywallJoy.swift */,
				CBD850D37F024E14534FF063 /* PaywallLetter.swift */,
				A76A57163BD1DF2BF341D43F /* PaywallShowcase.swift */,
				5BCAAA368D3AECD109559A74 /* Reminders.swift */,
				49472BC1DE4C1DCD9F5E6204 /* WelcomeFood.swift */,
				45D476B718C12DF8A8B1B062 /* WelcomeFoodBite.swift */,
				E75C5C4C8C0241704136815F /* WelcomeFoodFlight.swift */,
				9155A902428D8604F628C436 /* WelcomeFoodRoute.swift */,
				5EE91F9DA7BB85069B0333E4 /* WidgetStep.swift */,
			);
			path = Onboarding;
			sourceTree = "<group>";
		};
		ACCE96EE5608DD8053FEBD4E /* Tobi */ = {
			isa = PBXGroup;
			children = (
				2C55AD3DAF7E4423AA5D2BBF /* Tobi.entitlements */,
				043BB0472D4B09E963CFC188 /* App */,
				82B00CD4FC82EBE1B6D61523 /* Brands */,
				0F8A01ABFCFF9E1F95E1CABA /* Character */,
				7F67FF23429A7B508996553F /* Input */,
				CB72E6588123A31FE3331B54 /* Models */,
				2067EA3ADB64A7D60255A807 /* Nutrition */,
				A2B3E6E2F2BD447E2B520798 /* Onboarding */,
				FA714D49D7B050751EC6D8C2 /* Resources */,
				A2AD73E97F94164FA7D2C87C /* Store */,
				89DD1B90E614A9922E1AA155 /* Views */,
			);
			path = Tobi;
			sourceTree = "<group>";
		};
		CB72E6588123A31FE3331B54 /* Models */ = {
			isa = PBXGroup;
			children = (
				A2D449DF7D2B65CDE6700E42 /* DayNote.swift */,
				578EB1D891D049FA917EE424 /* NoteCSV.swift */,
			);
			path = Models;
			sourceTree = "<group>";
		};
		D7FC5BB26AC27DA44D71C5E8 /* TobiUITests */ = {
			isa = PBXGroup;
				DFEA5F75C809F2C2A67F0CF4 /* FoodRequestUITests.swift */,
			children = (
				F30AFDFE44A93014B99AC198 /* AppStoreScreenshots.swift */,
				E951F4742B5EFD8897822E6E /* LineEditingUITests.swift */,
				B188110F3F161DF643F945A2 /* SafeLaunch.swift */,
				49AFBD09578FE79F28932BBC /* WritingScreenUITests.swift */,
			);
			path = TobiUITests;
			sourceTree = "<group>";
		};
		DC16048050945594E5019867 /* Asset-Icon */ = {
			isa = PBXGroup;
			children = (
				79FD6A8D17346C2902A3582A /* TobiIcon.icon */,
			);
			path = "Asset-Icon";
			sourceTree = "<group>";
		};
		FA714D49D7B050751EC6D8C2 /* Resources */ = {
			isa = PBXGroup;
			children = (
				BB8F2431FE4D24C230D6032D /* Assets.xcassets */,
				445349C7B857AF907783D17F /* fastfood.json */,
				7ED581DDA0EE245908B4C28F /* food-pattern.png */,
				BA680DFDD0EF1E4477D6A6F8 /* founder.jpg */,
				F114B1E25377701C98EEFCF0 /* ibge.json */,
				699D0BC35D224FF03DFF866B /* PrivacyInfo.xcprivacy */,
				D566E9F3436F427A2BDDC92E /* suplementos.json */,
				3E46D592AB857DDE87A3E279 /* taco.json */,
				EA37006553B03C4361C0334B /* tobi-face.json */,
				733787F40680C2123994FCF0 /* tobi-head@3x.png */,
				3A9D6431B5A9C5C2885FD4BE /* widget-tutorial.mp4 */,
			);
			path = Resources;
			sourceTree = "<group>";
		};
/* End PBXGroup section */

/* Begin PBXNativeTarget section */
		9C44C406D4E47A5A63E3B149 /* Tobi */ = {
			isa = PBXNativeTarget;
			buildConfigurationList = B48661DA5F6AD66103E18A3D /* Build configuration list for PBXNativeTarget "Tobi" */;
			buildPhases = (
				E68827120B8E412B31D46DC3 /* Sources */,
				75F731371E45F2AC1E05CEDE /* Resources */,
				FC9B540CE5B8B2E87CB3B5AA /* Frameworks */,
				948D4B6E8ABA64681F20809D /* Embed Foundation Extensions */,
			);
			buildRules = (
			);
			dependencies = (
				E78113B6C94F9E823B970F10 /* PBXTargetDependency */,
			);
			name = Tobi;
			packageProductDependencies = (
				BFE74D4BCEDBAC94581CB0A8 /* RevenueCat */,
				010164A50F012D21FDD70FAF /* PostHog */,
			);
			productName = Tobi;
			productReference = 6DDD333EB71EFBF77A7476E6 /* Tobi.app */;
			productType = "com.apple.product-type.application";
		};
		CC8D50720BB5B3037F66D80B /* TobiTests */ = {
			isa = PBXNativeTarget;
			buildConfigurationList = DED7AB144AC5918A18A9C76D /* Build configuration list for PBXNativeTarget "TobiTests" */;
			buildPhases = (
				6383F8C426F3022EDFDF83DA /* Sources */,
			);
			buildRules = (
			);
			dependencies = (
				9A95DBCAEDCB53B0B2F4B371 /* PBXTargetDependency */,
			);
			name = TobiTests;
			packageProductDependencies = (
			);
			productName = TobiTests;
			productReference = 45A6CD938A64353750C04F9A /* TobiTests.xctest */;
			productType = "com.apple.product-type.bundle.unit-test";
		};
		DA02A5E21BA4011FF6D54988 /* TobiWidget */ = {
			isa = PBXNativeTarget;
			buildConfigurationList = 8D809B928CB08F8642C91EEB /* Build configuration list for PBXNativeTarget "TobiWidget" */;
			buildPhases = (
				5C5FE9C08681F67F4CB03F1F /* Sources */,
				E9CF0B74816FD323560FE0B1 /* Resources */,
			);
			buildRules = (
			);
			dependencies = (
			);
			name = TobiWidget;
			packageProductDependencies = (
			);
			productName = TobiWidget;
			productReference = 2F2EF17516413CFFB93751F3 /* TobiWidget.appex */;
			productType = "com.apple.product-type.app-extension";
		};
		F714602D9BD1127C287099E4 /* TobiUITests */ = {
			isa = PBXNativeTarget;
			buildConfigurationList = 7BDCBBFAB32B01E631EEC66B /* Build configuration list for PBXNativeTarget "TobiUITests" */;
			buildPhases = (
				9F1783FC5B299BE013765DCA /* Sources */,
			);
			buildRules = (
			);
			dependencies = (
				05C9F51BBAE74CC0471B00FF /* PBXTargetDependency */,
			);
			name = TobiUITests;
			packageProductDependencies = (
			);
			productName = TobiUITests;
			productReference = F22DD0603754279324293121 /* TobiUITests.xctest */;
			productType = "com.apple.product-type.bundle.ui-testing";
		};
/* End PBXNativeTarget section */

/* Begin PBXProject section */
		1FDF005C269014936688677A /* Project object */ = {
			isa = PBXProject;
			attributes = {
				BuildIndependentTargetsInParallel = YES;
				LastUpgradeCheck = 1430;
				TargetAttributes = {
					9C44C406D4E47A5A63E3B149 = {
						DevelopmentTeam = 4ZQ8PBTL5U;
						ProvisioningStyle = Automatic;
					};
					CC8D50720BB5B3037F66D80B = {
						DevelopmentTeam = 4ZQ8PBTL5U;
					};
					DA02A5E21BA4011FF6D54988 = {
						DevelopmentTeam = 4ZQ8PBTL5U;
						ProvisioningStyle = Automatic;
					};
					F714602D9BD1127C287099E4 = {
						DevelopmentTeam = 4ZQ8PBTL5U;
						TestTargetID = 9C44C406D4E47A5A63E3B149;
					};
				};
			};
			buildConfigurationList = 1A8DE1F594C20E637C19D8EC /* Build configuration list for PBXProject "Tobi" */;
			developmentRegion = "pt-BR";
			hasScannedForEncodings = 0;
			knownRegions = (
				Base,
				"pt-BR",
			);
			mainGroup = 1050D008790E920C10D84724;
			minimizedProjectReferenceProxies = 1;
			packageReferences = (
				5F6F4D014CDCC9981AFD9789 /* XCRemoteSwiftPackageReference "posthog-ios" */,
				28F16F2A9C3501D10E8A1FD7 /* XCRemoteSwiftPackageReference "purchases-ios-spm" */,
			);
			preferredProjectObjectVersion = 77;
			productRefGroup = 34AEF3B9EB6A46C994955C63 /* Products */;
			projectDirPath = "";
			projectRoot = "";
			targets = (
				9C44C406D4E47A5A63E3B149 /* Tobi */,
				DA02A5E21BA4011FF6D54988 /* TobiWidget */,
				CC8D50720BB5B3037F66D80B /* TobiTests */,
				F714602D9BD1127C287099E4 /* TobiUITests */,
			);
		};
/* End PBXProject section */

/* Begin PBXResourcesBuildPhase section */
		75F731371E45F2AC1E05CEDE /* Resources */ = {
			isa = PBXResourcesBuildPhase;
			buildActionMask = 2147483647;
			files = (
				964360C5675E68D3AF4C1E5A /* Assets.xcassets in Resources */,
				595CB9D9F877335B165AB0AC /* Assets.xcassets in Resources */,
				75921BBD618E283954DC1EF1 /* PrivacyInfo.xcprivacy in Resources */,
				85617CBCDA00C7F8B9AE1EA5 /* TobiIcon.icon in Resources */,
				DFB03B6045CB81552DD4F5C4 /* fastfood.json in Resources */,
				B3D0C3C5D26C9AAE63686E2F /* food-pattern.png in Resources */,
				E0E251BE60E2B21F6C1AEE97 /* founder.jpg in Resources */,
				BEC070B5CD52869753A2C583 /* ibge.json in Resources */,
				7FED395684710A36D8436CDB /* suplementos.json in Resources */,
				8E3E1AA54F455F6455A96B16 /* taco.json in Resources */,
				C8ADE9D17C878FC7AAC9AED2 /* tobi-face.json in Resources */,
				65C464813A2DDB0CB263616C /* tobi-head@3x.png in Resources */,
				4C54419F08BFC2F5C4068F16 /* widget-tutorial.mp4 in Resources */,
			);
			runOnlyForDeploymentPostprocessing = 0;
		};
		E9CF0B74816FD323560FE0B1 /* Resources */ = {
			isa = PBXResourcesBuildPhase;
			buildActionMask = 2147483647;
			files = (
				BCCC37DD29FD6993CA619AFA /* Assets.xcassets in Resources */,
			);
			runOnlyForDeploymentPostprocessing = 0;
		};
/* End PBXResourcesBuildPhase section */

/* Begin PBXSourcesBuildPhase section */
		5C5FE9C08681F67F4CB03F1F /* Sources */ = {
			isa = PBXSourcesBuildPhase;
			buildActionMask = 2147483647;
			files = (
				470DDFF183C9096538F8E6F3 /* TobiWidget.swift in Sources */,
				7C2B6D037D7B19584CD55EA0 /* WidgetSnapshot.swift in Sources */,
				CA5A00D6DAE91FEB931F021B /* WidgetViews.swift in Sources */,
			);
			runOnlyForDeploymentPostprocessing = 0;
		};
		6383F8C426F3022EDFDF83DA /* Sources */ = {
			isa = PBXSourcesBuildPhase;
			buildActionMask = 2147483647;
			files = (
				6E5E54034CB4F717440BAA2E /* BrandProductTests.swift in Sources */,
				9AA52967ADF6E68021005730 /* FoodRequestTests.swift in Sources */,
				D8FA67EB6FBF6DDB86E8BC12 /* BrazilianSlangAndPortionTests.swift in Sources */,
				20B22F7DA26123021C214509 /* FirstMealDemoTests.swift in Sources */,
				904EBA54F3766F2FFAC8D665 /* FoodCoverageTests.swift in Sources */,
				F10047776139D6EE95053CB9 /* FoodParserTests.swift in Sources */,
				BCE692C7B16CC9F12D118FD3 /* LineResolverTests.swift in Sources */,
				3A40FCE8DCFB7B67BC1DEB6E /* LineRewriterTests.swift in Sources */,
				108E7241B747FCAA46004206 /* NutritionPlanTests.swift in Sources */,
				7F1E791DA4625F1175FCADEA /* PaywallRecapTests.swift in Sources */,
				8B64E9ECC964C5C90F3DFD97 /* PerformanceTests.swift in Sources */,
				4F24112FDE712AF35ADB91E3 /* ProductNameTests.swift in Sources */,
				021830C66F15861BDCF64F8A /* SupplementTests.swift in Sources */,
				29336CAB9B41A50D812CEB39 /* TobiFaceAssetTests.swift in Sources */,
				5B79DA8DC5FB679ABA3BD35E /* VoiceSpectrumTests.swift in Sources */,
				1843E3F9D527F80CA22E5E1C /* WelcomeFoodRouteTests.swift in Sources */,
			);
			runOnlyForDeploymentPostprocessing = 0;
		};
		9F1783FC5B299BE013765DCA /* Sources */ = {
				4D0BE450339F5DB6AA71E773 /* FoodRequestUITests.swift in Sources */,
			isa = PBXSourcesBuildPhase;
			buildActionMask = 2147483647;
			files = (
				8F4E9EA745E7CA7726B0AC0B /* AppStoreScreenshots.swift in Sources */,
				19A4554982F37800C4D916AB /* LineEditingUITests.swift in Sources */,
				89EABA6C32FBFD3B11D2A734 /* SafeLaunch.swift in Sources */,
				28B4F8F20A95E58663E901AC /* WritingScreenUITests.swift in Sources */,
			);
			runOnlyForDeploymentPostprocessing = 0;
		};
		E68827120B8E412B31D46DC3 /* Sources */ = {
			isa = PBXSourcesBuildPhase;
			buildActionMask = 2147483647;
			files = (
				60CF9B735A8AAE014F543DC8 /* Analytics.swift in Sources */,
				6E31F7E803495BBDD87B2FAD /* BarcodeScanner.swift in Sources */,
				7267903BFF169BAE53EB59A7 /* BrandProduct.swift in Sources */,
				876E32B23BA5977857E4C448 /* Confetti.swift in Sources */,
				F629E96C5891DFAA0E5AF0BC /* ConfettiCannons.swift in Sources */,
				31AD92836C08C9713CE4457E /* DayNote.swift in Sources */,
				A17543C64D9C4306850BE85F /* DayView.swift in Sources */,
				5CF651F012F4A1CCD3A49B2E /* Dictation.swift in Sources */,
				4244D21BD4FABAE865721A5F /* Feedback.swift in Sources */,
				54703002DA5CEBD4AA2249E3 /* FeedbackSheet.swift in Sources */,
				09009AB5F6BB1966DD606F58 /* FirstMealDemo.swift in Sources */,
				7A20BED10E2C0A9B8A58D354 /* FoodRequests.swift in Sources */,
				F4B3AC4236FA8F00BA88FC24 /* FoodCorrection.swift in Sources */,
				C43FE44916787D7ADD1601DA /* FoodDatabase.swift in Sources */,
				FDD953D0FE09F4316F02D6DC /* FoodParser.swift in Sources */,
				A1C4B21EFC1A5429E6B0C2DB /* FoodPattern.swift in Sources */,
				DB0945C61BAA86B1575D2F49 /* FoodTables.swift in Sources */,
				F65FC358ED34EFB005A5DFE8 /* FounderLetter.swift in Sources */,
				8D24C9183E293DC3E8DC81F7 /* GoalsCard.swift in Sources */,
				F4F03DB08A9EB42588CE07CE /* InputMethodsShowcase.swift in Sources */,
				52B996030ED4D7BA451F2FDD /* JourneyChart.swift in Sources */,
				B7CFC256A15133CCE2655D22 /* KeyboardBar.swift in Sources */,
				F2C99AD4E9968F2808061B39 /* LineHelp.swift in Sources */,
				6BE263DB44E264E08858E8CF /* LineResolver.swift in Sources */,
				FB452BB1ED37189C55EFF16B /* LineRewriter.swift in Sources */,
				76D459DF5D937386DAF12206 /* Motion.swift in Sources */,
				23EA2267367F2B4DABA06DFE /* NoteCSV.swift in Sources */,
				C7B649C008949A3DA1A9FD57 /* NoteEditor.swift in Sources */,
				988D62DB0C9E2AB97C0914A3 /* Nutrition.swift in Sources */,
				3D8A8C1F589731F75AB33BCA /* NutritionPlan.swift in Sources */,
				AD15A9FF6ABCCF534EFA7145 /* OnboardingView.swift in Sources */,
				2DF31213B46DDD75D81E3D75 /* OpenFoodFacts.swift in Sources */,
				D1EF54B92BBDE4FAAA9E9B77 /* Paywall.swift in Sources */,
				39601D0026D589F929E3B5E9 /* PaywallGate.swift in Sources */,
				5681C2303AEA7D7DE5F8B33F /* PaywallJoy.swift in Sources */,
				1A8BF67A1BBADCBF8047836E /* PaywallLetter.swift in Sources */,
				2FC5EA99B8160DAE8C1CFAD5 /* PaywallShowcase.swift in Sources */,
				A09B974FEC943B4597B945C8 /* ProductName.swift in Sources */,
				D37F49C08EC32397D58BCD15 /* QuickActions.swift in Sources */,
				4AE4B12CEB2C1501BD2C3AAE /* Reminders.swift in Sources */,
				84625DD8D6B6443969680CE8 /* ScanSheet.swift in Sources */,
				92994DBBB9C2FE837CA5670E /* SettingsView.swift in Sources */,
				62734DD3F35E21CA38AFACD5 /* Theme.swift in Sources */,
				06A1A1458BDBCEC051CD3FA4 /* ThinkingReveal.swift in Sources */,
				85A03EFDDA3D7B24646FC2DD /* TobiApp.swift in Sources */,
				170AA326F38A1AD559B3A979 /* TobiFaceView.swift in Sources */,
				0ACEF781303B018194689133 /* TobiStore.swift in Sources */,
				73A29CA35A4D4B571090FE1A /* TotalsBar.swift in Sources */,
				6220A68694010013418FA89C /* Tracking.swift in Sources */,
				00E8D8A43016F993A8DBB259 /* VoiceGlow.swift in Sources */,
				033CCA7C68D736FE7D53D869 /* VoiceSpectrum.swift in Sources */,
				F90651BCAF45D616918D5187 /* WelcomeFood.swift in Sources */,
				8CEFBEA42E2411690944065B /* WelcomeFoodBite.swift in Sources */,
				5C7A22804DA7A3FAF5BBAFBF /* WelcomeFoodFlight.swift in Sources */,
				E493A9B7173AFAF4F9A42F3D /* WelcomeFoodRoute.swift in Sources */,
				176581EF5F529F4EB016BA03 /* WidgetBridge.swift in Sources */,
				CB0F5488A843F6BA534B9498 /* WidgetSnapshot.swift in Sources */,
				2BF86444E8177FD1E8E577B6 /* WidgetStep.swift in Sources */,
				CEB02E0E7322DC94D373A734 /* WidgetViews.swift in Sources */,
			);
			runOnlyForDeploymentPostprocessing = 0;
		};
/* End PBXSourcesBuildPhase section */

/* Begin PBXTargetDependency section */
		05C9F51BBAE74CC0471B00FF /* PBXTargetDependency */ = {
			isa = PBXTargetDependency;
			target = 9C44C406D4E47A5A63E3B149 /* Tobi */;
			targetProxy = 622B5199F173CB7C2FDA5691 /* PBXContainerItemProxy */;
		};
		9A95DBCAEDCB53B0B2F4B371 /* PBXTargetDependency */ = {
			isa = PBXTargetDependency;
			target = 9C44C406D4E47A5A63E3B149 /* Tobi */;
			targetProxy = B8A37C21BE495723A4809FBF /* PBXContainerItemProxy */;
		};
		E78113B6C94F9E823B970F10 /* PBXTargetDependency */ = {
			isa = PBXTargetDependency;
			target = DA02A5E21BA4011FF6D54988 /* TobiWidget */;
			targetProxy = 6254AE61B072CBB234CE8A80 /* PBXContainerItemProxy */;
		};
/* End PBXTargetDependency section */

/* Begin XCBuildConfiguration section */
		02CA0583E52A820222C00FB7 /* Debug */ = {
			isa = XCBuildConfiguration;
			buildSettings = {
				ALWAYS_SEARCH_USER_PATHS = NO;
				CLANG_ANALYZER_NONNULL = YES;
				CLANG_ANALYZER_NUMBER_OBJECT_CONVERSION = YES_AGGRESSIVE;
				CLANG_CXX_LANGUAGE_STANDARD = "gnu++14";
				CLANG_CXX_LIBRARY = "libc++";
				CLANG_ENABLE_MODULES = YES;
				CLANG_ENABLE_OBJC_ARC = YES;
				CLANG_ENABLE_OBJC_WEAK = YES;
				CLANG_WARN_BLOCK_CAPTURE_AUTORELEASING = YES;
				CLANG_WARN_BOOL_CONVERSION = YES;
				CLANG_WARN_COMMA = YES;
				CLANG_WARN_CONSTANT_CONVERSION = YES;
				CLANG_WARN_DEPRECATED_OBJC_IMPLEMENTATIONS = YES;
				CLANG_WARN_DIRECT_OBJC_ISA_USAGE = YES_ERROR;
				CLANG_WARN_DOCUMENTATION_COMMENTS = YES;
				CLANG_WARN_EMPTY_BODY = YES;
				CLANG_WARN_ENUM_CONVERSION = YES;
				CLANG_WARN_INFINITE_RECURSION = YES;
				CLANG_WARN_INT_CONVERSION = YES;
				CLANG_WARN_NON_LITERAL_NULL_CONVERSION = YES;
				CLANG_WARN_OBJC_IMPLICIT_RETAIN_SELF = YES;
				CLANG_WARN_OBJC_LITERAL_CONVERSION = YES;
				CLANG_WARN_OBJC_ROOT_CLASS = YES_ERROR;
				CLANG_WARN_QUOTED_INCLUDE_IN_FRAMEWORK_HEADER = YES;
				CLANG_WARN_RANGE_LOOP_ANALYSIS = YES;
				CLANG_WARN_STRICT_PROTOTYPES = YES;
				CLANG_WARN_SUSPICIOUS_MOVE = YES;
				CLANG_WARN_UNGUARDED_AVAILABILITY = YES_AGGRESSIVE;
				CLANG_WARN_UNREACHABLE_CODE = YES;
				CLANG_WARN__DUPLICATE_METHOD_MATCH = YES;
				COPY_PHASE_STRIP = NO;
				CURRENT_PROJECT_VERSION = 1;
				DEBUG_INFORMATION_FORMAT = dwarf;
				DEVELOPMENT_TEAM = 4ZQ8PBTL5U;
				ENABLE_STRICT_OBJC_MSGSEND = YES;
				ENABLE_TESTABILITY = YES;
				GCC_C_LANGUAGE_STANDARD = gnu11;
				GCC_DYNAMIC_NO_PIC = NO;
				GCC_NO_COMMON_BLOCKS = YES;
				GCC_OPTIMIZATION_LEVEL = 0;
				GCC_PREPROCESSOR_DEFINITIONS = (
					"$(inherited)",
					"DEBUG=1",
				);
				GCC_WARN_64_TO_32_BIT_CONVERSION = YES;
				GCC_WARN_ABOUT_RETURN_TYPE = YES_ERROR;
				GCC_WARN_UNDECLARED_SELECTOR = YES;
				GCC_WARN_UNINITIALIZED_AUTOS = YES_AGGRESSIVE;
				GCC_WARN_UNUSED_FUNCTION = YES;
				GCC_WARN_UNUSED_VARIABLE = YES;
				IPHONEOS_DEPLOYMENT_TARGET = 26.0;
				MARKETING_VERSION = 0.1.0;
				MTL_ENABLE_DEBUG_INFO = INCLUDE_SOURCE;
				MTL_FAST_MATH = YES;
				ONLY_ACTIVE_ARCH = YES;
				PRODUCT_NAME = "$(TARGET_NAME)";
				SDKROOT = iphoneos;
				SWIFT_ACTIVE_COMPILATION_CONDITIONS = DEBUG;
				SWIFT_OPTIMIZATION_LEVEL = "-Onone";
				SWIFT_VERSION = 6.0;
			};
			name = Debug;
		};
		23AA8D54BC3F612AA8DDE35C /* Release */ = {
			isa = XCBuildConfiguration;
			buildSettings = {
				BUNDLE_LOADER = "$(TEST_HOST)";
				GENERATE_INFOPLIST_FILE = YES;
				LD_RUNPATH_SEARCH_PATHS = (
					"$(inherited)",
					"@executable_path/Frameworks",
					"@loader_path/Frameworks",
				);
				PRODUCT_BUNDLE_IDENTIFIER = com.andrefelipe.TobiUITests;
				SDKROOT = iphoneos;
				TARGETED_DEVICE_FAMILY = "1,2";
				TEST_TARGET_NAME = Tobi;
			};
			name = Release;
		};
		2B8D60C031F27631235B7D89 /* Debug */ = {
			isa = XCBuildConfiguration;
			buildSettings = {
				ASSETCATALOG_COMPILER_APPICON_NAME = TobiIcon;
				CODE_SIGN_ENTITLEMENTS = Tobi/Tobi.entitlements;
				CODE_SIGN_IDENTITY = "iPhone Developer";
				CODE_SIGN_STYLE = Automatic;
				GENERATE_INFOPLIST_FILE = YES;
				INFOPLIST_FILE = "Config/Tobi-Info.plist";
				INFOPLIST_KEY_CFBundleDisplayName = Tobi;
				INFOPLIST_KEY_ITSAppUsesNonExemptEncryption = NO;
				INFOPLIST_KEY_NSCameraUsageDescription = "O Tobi usa a câmera pra ler o código de barras dos produtos.";
				INFOPLIST_KEY_NSMicrophoneUsageDescription = "O Tobi usa o microfone pra você ditar o que comeu.";
				INFOPLIST_KEY_NSSpeechRecognitionUsageDescription = "O Tobi transforma sua fala em texto pra registrar as refeições.";
				INFOPLIST_KEY_NSUserTrackingUsageDescription = "Com sua permissão, o Tobi mede quais anúncios trouxeram você até aqui. O que você come e o seu peso nunca são compartilhados.";
				INFOPLIST_KEY_UIApplicationSceneManifest_Generation = YES;
				INFOPLIST_KEY_UILaunchScreen_Generation = YES;
				INFOPLIST_KEY_UISupportedInterfaceOrientations_iPhone = UIInterfaceOrientationPortrait;
				LD_RUNPATH_SEARCH_PATHS = (
					"$(inherited)",
					"@executable_path/Frameworks",
				);
				PRODUCT_BUNDLE_IDENTIFIER = com.andrefelipe.tobi;
				SDKROOT = iphoneos;
				TARGETED_DEVICE_FAMILY = 1;
			};
			name = Debug;
		};
		3C7AF4ABAE4D9D61BAB5B20E /* Debug */ = {
			isa = XCBuildConfiguration;
			buildSettings = {
				BUNDLE_LOADER = "$(TEST_HOST)";
				GENERATE_INFOPLIST_FILE = YES;
				LD_RUNPATH_SEARCH_PATHS = (
					"$(inherited)",
					"@executable_path/Frameworks",
					"@loader_path/Frameworks",
				);
				PRODUCT_BUNDLE_IDENTIFIER = com.andrefelipe.TobiUITests;
				SDKROOT = iphoneos;
				TARGETED_DEVICE_FAMILY = "1,2";
				TEST_TARGET_NAME = Tobi;
			};
			name = Debug;
		};
		6C95E0442EC9F236AA8CBC72 /* Release */ = {
			isa = XCBuildConfiguration;
			buildSettings = {
				CODE_SIGN_ENTITLEMENTS = TobiWidget/TobiWidget.entitlements;
				CODE_SIGN_STYLE = Automatic;
				INFOPLIST_FILE = TobiWidget/Info.plist;
				LD_RUNPATH_SEARCH_PATHS = (
					"$(inherited)",
					"@executable_path/Frameworks",
					"@executable_path/../../Frameworks",
				);
				PRODUCT_BUNDLE_IDENTIFIER = com.andrefelipe.tobi.widget;
				SDKROOT = iphoneos;
				SKIP_INSTALL = YES;
				TARGETED_DEVICE_FAMILY = 1;
			};
			name = Release;
		};
		71FCAC1D3C54238905DFEC05 /* Debug */ = {
			isa = XCBuildConfiguration;
			buildSettings = {
				CODE_SIGN_ENTITLEMENTS = TobiWidget/TobiWidget.entitlements;
				CODE_SIGN_STYLE = Automatic;
				INFOPLIST_FILE = TobiWidget/Info.plist;
				LD_RUNPATH_SEARCH_PATHS = (
					"$(inherited)",
					"@executable_path/Frameworks",
					"@executable_path/../../Frameworks",
				);
				PRODUCT_BUNDLE_IDENTIFIER = com.andrefelipe.tobi.widget;
				SDKROOT = iphoneos;
				SKIP_INSTALL = YES;
				TARGETED_DEVICE_FAMILY = 1;
			};
			name = Debug;
		};
		8EB1E62C60E7F0C65BBB8825 /* Debug */ = {
			isa = XCBuildConfiguration;
			buildSettings = {
				BUNDLE_LOADER = "$(TEST_HOST)";
				GENERATE_INFOPLIST_FILE = YES;
				LD_RUNPATH_SEARCH_PATHS = (
					"$(inherited)",
					"@executable_path/Frameworks",
					"@loader_path/Frameworks",
				);
				PRODUCT_BUNDLE_IDENTIFIER = com.andrefelipe.TobiTests;
				SDKROOT = iphoneos;
				TARGETED_DEVICE_FAMILY = "1,2";
				TEST_HOST = "$(BUILT_PRODUCTS_DIR)/Tobi.app/Tobi";
			};
			name = Debug;
		};
		AA35F51BE66B57EE164FAF27 /* Release */ = {
			isa = XCBuildConfiguration;
			buildSettings = {
				ASSETCATALOG_COMPILER_APPICON_NAME = TobiIcon;
				CODE_SIGN_ENTITLEMENTS = Tobi/Tobi.entitlements;
				CODE_SIGN_IDENTITY = "iPhone Developer";
				CODE_SIGN_STYLE = Automatic;
				GENERATE_INFOPLIST_FILE = YES;
				INFOPLIST_FILE = "Config/Tobi-Info.plist";
				INFOPLIST_KEY_CFBundleDisplayName = Tobi;
				INFOPLIST_KEY_ITSAppUsesNonExemptEncryption = NO;
				INFOPLIST_KEY_NSCameraUsageDescription = "O Tobi usa a câmera pra ler o código de barras dos produtos.";
				INFOPLIST_KEY_NSMicrophoneUsageDescription = "O Tobi usa o microfone pra você ditar o que comeu.";
				INFOPLIST_KEY_NSSpeechRecognitionUsageDescription = "O Tobi transforma sua fala em texto pra registrar as refeições.";
				INFOPLIST_KEY_NSUserTrackingUsageDescription = "Com sua permissão, o Tobi mede quais anúncios trouxeram você até aqui. O que você come e o seu peso nunca são compartilhados.";
				INFOPLIST_KEY_UIApplicationSceneManifest_Generation = YES;
				INFOPLIST_KEY_UILaunchScreen_Generation = YES;
				INFOPLIST_KEY_UISupportedInterfaceOrientations_iPhone = UIInterfaceOrientationPortrait;
				LD_RUNPATH_SEARCH_PATHS = (
					"$(inherited)",
					"@executable_path/Frameworks",
				);
				PRODUCT_BUNDLE_IDENTIFIER = com.andrefelipe.tobi;
				SDKROOT = iphoneos;
				TARGETED_DEVICE_FAMILY = 1;
			};
			name = Release;
		};
		B319CD4FD8DA3C439F9974A1 /* Release */ = {
			isa = XCBuildConfiguration;
			buildSettings = {
				BUNDLE_LOADER = "$(TEST_HOST)";
				GENERATE_INFOPLIST_FILE = YES;
				LD_RUNPATH_SEARCH_PATHS = (
					"$(inherited)",
					"@executable_path/Frameworks",
					"@loader_path/Frameworks",
				);
				PRODUCT_BUNDLE_IDENTIFIER = com.andrefelipe.TobiTests;
				SDKROOT = iphoneos;
				TARGETED_DEVICE_FAMILY = "1,2";
				TEST_HOST = "$(BUILT_PRODUCTS_DIR)/Tobi.app/Tobi";
			};
			name = Release;
		};
		BC0481CD775BB962B4C03705 /* Release */ = {
			isa = XCBuildConfiguration;
			buildSettings = {
				ALWAYS_SEARCH_USER_PATHS = NO;
				CLANG_ANALYZER_NONNULL = YES;
				CLANG_ANALYZER_NUMBER_OBJECT_CONVERSION = YES_AGGRESSIVE;
				CLANG_CXX_LANGUAGE_STANDARD = "gnu++14";
				CLANG_CXX_LIBRARY = "libc++";
				CLANG_ENABLE_MODULES = YES;
				CLANG_ENABLE_OBJC_ARC = YES;
				CLANG_ENABLE_OBJC_WEAK = YES;
				CLANG_WARN_BLOCK_CAPTURE_AUTORELEASING = YES;
				CLANG_WARN_BOOL_CONVERSION = YES;
				CLANG_WARN_COMMA = YES;
				CLANG_WARN_CONSTANT_CONVERSION = YES;
				CLANG_WARN_DEPRECATED_OBJC_IMPLEMENTATIONS = YES;
				CLANG_WARN_DIRECT_OBJC_ISA_USAGE = YES_ERROR;
				CLANG_WARN_DOCUMENTATION_COMMENTS = YES;
				CLANG_WARN_EMPTY_BODY = YES;
				CLANG_WARN_ENUM_CONVERSION = YES;
				CLANG_WARN_INFINITE_RECURSION = YES;
				CLANG_WARN_INT_CONVERSION = YES;
				CLANG_WARN_NON_LITERAL_NULL_CONVERSION = YES;
				CLANG_WARN_OBJC_IMPLICIT_RETAIN_SELF = YES;
				CLANG_WARN_OBJC_LITERAL_CONVERSION = YES;
				CLANG_WARN_OBJC_ROOT_CLASS = YES_ERROR;
				CLANG_WARN_QUOTED_INCLUDE_IN_FRAMEWORK_HEADER = YES;
				CLANG_WARN_RANGE_LOOP_ANALYSIS = YES;
				CLANG_WARN_STRICT_PROTOTYPES = YES;
				CLANG_WARN_SUSPICIOUS_MOVE = YES;
				CLANG_WARN_UNGUARDED_AVAILABILITY = YES_AGGRESSIVE;
				CLANG_WARN_UNREACHABLE_CODE = YES;
				CLANG_WARN__DUPLICATE_METHOD_MATCH = YES;
				COPY_PHASE_STRIP = NO;
				CURRENT_PROJECT_VERSION = 1;
				DEBUG_INFORMATION_FORMAT = "dwarf-with-dsym";
				DEVELOPMENT_TEAM = 4ZQ8PBTL5U;
				ENABLE_NS_ASSERTIONS = NO;
				ENABLE_STRICT_OBJC_MSGSEND = YES;
				GCC_C_LANGUAGE_STANDARD = gnu11;
				GCC_NO_COMMON_BLOCKS = YES;
				GCC_WARN_64_TO_32_BIT_CONVERSION = YES;
				GCC_WARN_ABOUT_RETURN_TYPE = YES_ERROR;
				GCC_WARN_UNDECLARED_SELECTOR = YES;
				GCC_WARN_UNINITIALIZED_AUTOS = YES_AGGRESSIVE;
				GCC_WARN_UNUSED_FUNCTION = YES;
				GCC_WARN_UNUSED_VARIABLE = YES;
				IPHONEOS_DEPLOYMENT_TARGET = 26.0;
				MARKETING_VERSION = 0.1.0;
				MTL_ENABLE_DEBUG_INFO = NO;
				MTL_FAST_MATH = YES;
				PRODUCT_NAME = "$(TARGET_NAME)";
				SDKROOT = iphoneos;
				SWIFT_COMPILATION_MODE = wholemodule;
				SWIFT_OPTIMIZATION_LEVEL = "-O";
				SWIFT_VERSION = 6.0;
			};
			name = Release;
		};
/* End XCBuildConfiguration section */

/* Begin XCConfigurationList section */
		1A8DE1F594C20E637C19D8EC /* Build configuration list for PBXProject "Tobi" */ = {
			isa = XCConfigurationList;
			buildConfigurations = (
				02CA0583E52A820222C00FB7 /* Debug */,
				BC0481CD775BB962B4C03705 /* Release */,
			);
			defaultConfigurationIsVisible = 0;
			defaultConfigurationName = Debug;
		};
		7BDCBBFAB32B01E631EEC66B /* Build configuration list for PBXNativeTarget "TobiUITests" */ = {
			isa = XCConfigurationList;
			buildConfigurations = (
				3C7AF4ABAE4D9D61BAB5B20E /* Debug */,
				23AA8D54BC3F612AA8DDE35C /* Release */,
			);
			defaultConfigurationIsVisible = 0;
			defaultConfigurationName = Debug;
		};
		8D809B928CB08F8642C91EEB /* Build configuration list for PBXNativeTarget "TobiWidget" */ = {
			isa = XCConfigurationList;
			buildConfigurations = (
				71FCAC1D3C54238905DFEC05 /* Debug */,
				6C95E0442EC9F236AA8CBC72 /* Release */,
			);
			defaultConfigurationIsVisible = 0;
			defaultConfigurationName = Debug;
		};
		B48661DA5F6AD66103E18A3D /* Build configuration list for PBXNativeTarget "Tobi" */ = {
			isa = XCConfigurationList;
			buildConfigurations = (
				2B8D60C031F27631235B7D89 /* Debug */,
				AA35F51BE66B57EE164FAF27 /* Release */,
			);
			defaultConfigurationIsVisible = 0;
			defaultConfigurationName = Debug;
		};
		DED7AB144AC5918A18A9C76D /* Build configuration list for PBXNativeTarget "TobiTests" */ = {
			isa = XCConfigurationList;
			buildConfigurations = (
				8EB1E62C60E7F0C65BBB8825 /* Debug */,
				B319CD4FD8DA3C439F9974A1 /* Release */,
			);
			defaultConfigurationIsVisible = 0;
			defaultConfigurationName = Debug;
		};
/* End XCConfigurationList section */

/* Begin XCRemoteSwiftPackageReference section */
		28F16F2A9C3501D10E8A1FD7 /* XCRemoteSwiftPackageReference "purchases-ios-spm" */ = {
			isa = XCRemoteSwiftPackageReference;
			repositoryURL = "https://github.com/RevenueCat/purchases-ios-spm";
			requirement = {
				kind = upToNextMajorVersion;
				minimumVersion = 5.94.0;
			};
		};
		5F6F4D014CDCC9981AFD9789 /* XCRemoteSwiftPackageReference "posthog-ios" */ = {
			isa = XCRemoteSwiftPackageReference;
			repositoryURL = "https://github.com/PostHog/posthog-ios";
			requirement = {
				kind = upToNextMajorVersion;
				minimumVersion = 3.91.0;
			};
		};
/* End XCRemoteSwiftPackageReference section */

/* Begin XCSwiftPackageProductDependency section */
		010164A50F012D21FDD70FAF /* PostHog */ = {
			isa = XCSwiftPackageProductDependency;
			package = 5F6F4D014CDCC9981AFD9789 /* XCRemoteSwiftPackageReference "posthog-ios" */;
			productName = PostHog;
		};
		BFE74D4BCEDBAC94581CB0A8 /* RevenueCat */ = {
			isa = XCSwiftPackageProductDependency;
			package = 28F16F2A9C3501D10E8A1FD7 /* XCRemoteSwiftPackageReference "purchases-ios-spm" */;
			productName = RevenueCat;
		};
/* End XCSwiftPackageProductDependency section */
	};
	rootObject = 1FDF005C269014936688677A /* Project object */;
}
